
Microsoft Visual Studio Solution File, Format Version 12.00
# Visual Studio 14
VisualStudioVersion = 14.0.25420.1
MinimumVisualStudioVersion = 10.0.40219.1
Project("{8BC9CEB8-8B4A-11D0-8D11-00A0C91BC942}") = "blatt24Aufgabe3", "Prog2a\Prog2a.vcxproj", "{33BFD01E-C5AC-430E-A3E4-9FC5CEB8B693}"
EndProject
Project("{8BC9CEB8-8B4A-11D0-8D11-00A0C91BC942}") = "blatt24AUFGABE4", "blatt24AUFGABE4\blatt24AUFGABE4.vcxproj", "{831C4D44-954D-4E57-B291-BE4E9DC6756B}"
EndProject
Project("{8BC9CEB8-8B4A-11D0-8D11-00A0C91BC942}") = "blatt24TheoAufg1", "blatt24TheoAufg1\blatt24TheoAufg1.vcxproj", "{960C408D-0FA5-4A7A-AFCB-93463B032870}"
EndProject
Project("{8BC9CEB8-8B4A-11D0-8D11-00A0C91BC942}") = "skriptBzglReferenz", "skriptBzglReferenz\skriptBzglReferenz.vcxproj", "{091848F3-2E9D-457F-81AE-871E0A006944}"
EndProject
Project("{8BC9CEB8-8B4A-11D0-8D11-00A0C91BC942}") = "typumwandlungen", "typumwandlungen\typumwandlungen.vcxproj", "{E6F04EE8-BC5A-43EF-891E-B977B3FC2382}"
EndProject
Project("{8BC9CEB8-8B4A-11D0-8D11-00A0C91BC942}") = "ArrayZeiger", "ArrayZeiger\ArrayZeiger.vcxproj", "{EE3B8D8C-0B7C-4A10-A9CE-A45503B72E80}"
EndProject
Project("{8BC9CEB8-8B4A-11D0-8D11-00A0C91BC942}") = "blatt25aufg3", "blatt25aufg3\blatt25aufg3.vcxproj", "{1B69A339-50F0-4228-A81C-5B9B232DFA55}"
EndProject
Project("{8BC9CEB8-8B4A-11D0-8D11-00A0C91BC942}") = "blatt25aufg4", "blatt25aufg4\blatt25aufg4.vcxproj", "{D114B731-1C41-43AD-9E3A-09C7DF9152BA}"
EndProject
Project("{8BC9CEB8-8B4A-11D0-8D11-00A0C91BC942}") = "Blatt26aufg2", "Blatt26aufg2\Blatt26aufg2.vcxproj", "{48EC0E7C-C6DF-4D75-834D-0F96914D1700}"
EndProject
Project("{8BC9CEB8-8B4A-11D0-8D11-00A0C91BC942}") = "TestenCode", "TestenCode\TestenCode.vcxproj", "{352F92E6-0165-403A-BB3B-AD170A1A603A}"
EndProject
Project("{8BC9CEB8-8B4A-11D0-8D11-00A0C91BC942}") = "blatt25Theor", "blatt25Theor\blatt25Theor.vcxproj", "{25A63E8C-5FCD-4726-8D29-6A848242AA3A}"
EndProject
Project("{8BC9CEB8-8B4A-11D0-8D11-00A0C91BC942}") = "VLCodeObjektorientiert", "VLCodeObjektorientiert\VLCodeObjektorientiert.vcxproj", "{9ED631A9-08B5-40A3-B760-528E36D8B3A9}"
EndProject
Project("{8BC9CEB8-8B4A-11D0-8D11-00A0C91BC942}") = "PA7", "PA7\PA7.vcxproj", "{07A09C23-34AA-4E18-9083-7EB7D3EAC12B}"
EndProject
Project("{8BC9CEB8-8B4A-11D0-8D11-00A0C91BC942}") = "stringCODES", "stringCODES\stringCODES.vcxproj", "{BBDF5018-E17E-4EC9-AC71-F8E44A2B643B}"
EndProject
Project("{8BC9CEB8-8B4A-11D0-8D11-00A0C91BC942}") = "blatt26aufg1a", "blatt26aufg1a\blatt26aufg1a.vcxproj", "{49D63E8C-0A61-4B06-A92F-59A3801DC1A5}"
EndProject
Project("{8BC9CEB8-8B4A-11D0-8D11-00A0C91BC942}") = "PA08", "PA08\PA08.vcxproj", "{285E29EE-7E32-4D3C-9093-CCBAB72B4927}"
EndProject
Project("{8BC9CEB8-8B4A-11D0-8D11-00A0C91BC942}") = "Vektor", "Vektor\Vektor.vcxproj", "{3EB2BFEC-4AB7-4C7B-B583-473B58FABD6A}"
EndProject
Project("{8BC9CEB8-8B4A-11D0-8D11-00A0C91BC942}") = "blatt27", "blatt27\blatt27.vcxproj", "{5A0464F9-4149-41F9-A70D-8F4DC188BD78}"
EndProject
Project("{8BC9CEB8-8B4A-11D0-8D11-00A0C91BC942}") = "PA9", "PA9\PA9.vcxproj", "{7CFBCFA8-3DD0-487C-B72F-1AA55733836C}"
EndProject
Project("{8BC9CEB8-8B4A-11D0-8D11-00A0C91BC942}") = "Prog2aSS19Üb01Aufg6", "Prog2aSS19Üb01Aufg6\Prog2aSS19Üb01Aufg6.vcxproj", "{E0B9BEBA-70F6-49FC-BBB9-4B478ABC2773}"
EndProject
Project("{8BC9CEB8-8B4A-11D0-8D11-00A0C91BC942}") = "Prog2aSS19Üb01Aufg3", "Prog2aSS19Üb01Aufg3\Prog2aSS19Üb01Aufg3.vcxproj", "{E1A7754C-C904-4DED-8378-4A05EA1F1B38}"
EndProject
Project("{8BC9CEB8-8B4A-11D0-8D11-00A0C91BC942}") = "Prog2aSS19Üb01Aufg1", "Prog2aSS19Üb01Aufg1\Prog2aSS19Üb01Aufg1.vcxproj", "{8598F927-988D-4735-88BC-1068E822F850}"
EndProject
Global
	GlobalSection(SolutionConfigurationPlatforms) = preSolution
		Debug|x64 = Debug|x64
		Debug|x86 = Debug|x86
		Release|x64 = Release|x64
		Release|x86 = Release|x86
	EndGlobalSection
	GlobalSection(ProjectConfigurationPlatforms) = postSolution
		{33BFD01E-C5AC-430E-A3E4-9FC5CEB8B693}.Debug|x64.ActiveCfg = Debug|x64
		{33BFD01E-C5AC-430E-A3E4-9FC5CEB8B693}.Debug|x64.Build.0 = Debug|x64
		{33BFD01E-C5AC-430E-A3E4-9FC5CEB8B693}.Debug|x86.ActiveCfg = Debug|Win32
		{33BFD01E-C5AC-430E-A3E4-9FC5CEB8B693}.Debug|x86.Build.0 = Debug|Win32
		{33BFD01E-C5AC-430E-A3E4-9FC5CEB8B693}.Release|x64.ActiveCfg = Release|x64
		{33BFD01E-C5AC-430E-A3E4-9FC5CEB8B693}.Release|x64.Build.0 = Release|x64
		{33BFD01E-C5AC-430E-A3E4-9FC5CEB8B693}.Release|x86.ActiveCfg = Release|Win32
		{33BFD01E-C5AC-430E-A3E4-9FC5CEB8B693}.Release|x86.Build.0 = Release|Win32
		{831C4D44-954D-4E57-B291-BE4E9DC6756B}.Debug|x64.ActiveCfg = Debug|x64
		{831C4D44-954D-4E57-B291-BE4E9DC6756B}.Debug|x64.Build.0 = Debug|x64
		{831C4D44-954D-4E57-B291-BE4E9DC6756B}.Debug|x86.ActiveCfg = Debug|Win32
		{831C4D44-954D-4E57-B291-BE4E9DC6756B}.Debug|x86.Build.0 = Debug|Win32
		{831C4D44-954D-4E57-B291-BE4E9DC6756B}.Release|x64.ActiveCfg = Release|x64
		{831C4D44-954D-4E57-B291-BE4E9DC6756B}.Release|x64.Build.0 = Release|x64
		{831C4D44-954D-4E57-B291-BE4E9DC6756B}.Release|x86.ActiveCfg = Release|Win32
		{831C4D44-954D-4E57-B291-BE4E9DC6756B}.Release|x86.Build.0 = Release|Win32
		{960C408D-0FA5-4A7A-AFCB-93463B032870}.Debug|x64.ActiveCfg = Debug|x64
		{960C408D-0FA5-4A7A-AFCB-93463B032870}.Debug|x64.Build.0 = Debug|x64
		{960C408D-0FA5-4A7A-AFCB-93463B032870}.Debug|x86.ActiveCfg = Debug|Win32
		{960C408D-0FA5-4A7A-AFCB-93463B032870}.Debug|x86.Build.0 = Debug|Win32
		{960C408D-0FA5-4A7A-AFCB-93463B032870}.Release|x64.ActiveCfg = Release|x64
		{960C408D-0FA5-4A7A-AFCB-93463B032870}.Release|x64.Build.0 = Release|x64
		{960C408D-0FA5-4A7A-AFCB-93463B032870}.Release|x86.ActiveCfg = Release|Win32
		{960C408D-0FA5-4A7A-AFCB-93463B032870}.Release|x86.Build.0 = Release|Win32
		{091848F3-2E9D-457F-81AE-871E0A006944}.Debug|x64.ActiveCfg = Debug|x64
		{091848F3-2E9D-457F-81AE-871E0A006944}.Debug|x64.Build.0 = Debug|x64
		{091848F3-2E9D-457F-81AE-871E0A006944}.Debug|x86.ActiveCfg = Debug|Win32
		{091848F3-2E9D-457F-81AE-871E0A006944}.Debug|x86.Build.0 = Debug|Win32
		{091848F3-2E9D-457F-81AE-871E0A006944}.Release|x64.ActiveCfg = Release|x64
		{091848F3-2E9D-457F-81AE-871E0A006944}.Release|x64.Build.0 = Release|x64
		{091848F3-2E9D-457F-81AE-871E0A006944}.Release|x86.ActiveCfg = Release|Win32
		{091848F3-2E9D-457F-81AE-871E0A006944}.Release|x86.Build.0 = Release|Win32
		{E6F04EE8-BC5A-43EF-891E-B977B3FC2382}.Debug|x64.ActiveCfg = Debug|x64
		{E6F04EE8-BC5A-43EF-891E-B977B3FC2382}.Debug|x64.Build.0 = Debug|x64
		{E6F04EE8-BC5A-43EF-891E-B977B3FC2382}.Debug|x86.ActiveCfg = Debug|Win32
		{E6F04EE8-BC5A-43EF-891E-B977B3FC2382}.Debug|x86.Build.0 = Debug|Win32
		{E6F04EE8-BC5A-43EF-891E-B977B3FC2382}.Release|x64.ActiveCfg = Release|x64
		{E6F04EE8-BC5A-43EF-891E-B977B3FC2382}.Release|x64.Build.0 = Release|x64
		{E6F04EE8-BC5A-43EF-891E-B977B3FC2382}.Release|x86.ActiveCfg = Release|Win32
		{E6F04EE8-BC5A-43EF-891E-B977B3FC2382}.Release|x86.Build.0 = Release|Win32
		{EE3B8D8C-0B7C-4A10-A9CE-A45503B72E80}.Debug|x64.ActiveCfg = Debug|x64
		{EE3B8D8C-0B7C-4A10-A9CE-A45503B72E80}.Debug|x64.Build.0 = Debug|x64
		{EE3B8D8C-0B7C-4A10-A9CE-A45503B72E80}.Debug|x86.ActiveCfg = Debug|Win32
		{EE3B8D8C-0B7C-4A10-A9CE-A45503B72E80}.Debug|x86.Build.0 = Debug|Win32
		{EE3B8D8C-0B7C-4A10-A9CE-A45503B72E80}.Release|x64.ActiveCfg = Release|x64
		{EE3B8D8C-0B7C-4A10-A9CE-A45503B72E80}.Release|x64.Build.0 = Release|x64
		{EE3B8D8C-0B7C-4A10-A9CE-A45503B72E80}.Release|x86.ActiveCfg = Release|Win32
		{EE3B8D8C-0B7C-4A10-A9CE-A45503B72E80}.Release|x86.Build.0 = Release|Win32
		{1B69A339-50F0-4228-A81C-5B9B232DFA55}.Debug|x64.ActiveCfg = Debug|x64
		{1B69A339-50F0-4228-A81C-5B9B232DFA55}.Debug|x64.Build.0 = Debug|x64
		{1B69A339-50F0-4228-A81C-5B9B232DFA55}.Debug|x86.ActiveCfg = Debug|Win32
		{1B69A339-50F0-4228-A81C-5B9B232DFA55}.Debug|x86.Build.0 = Debug|Win32
		{1B69A339-50F0-4228-A81C-5B9B232DFA55}.Release|x64.ActiveCfg = Release|x64
		{1B69A339-50F0-4228-A81C-5B9B232DFA55}.Release|x64.Build.0 = Release|x64
		{1B69A339-50F0-4228-A81C-5B9B232DFA55}.Release|x86.ActiveCfg = Release|Win32
		{1B69A339-50F0-4228-A81C-5B9B232DFA55}.Release|x86.Build.0 = Release|Win32
		{D114B731-1C41-43AD-9E3A-09C7DF9152BA}.Debug|x64.ActiveCfg = Debug|x64
		{D114B731-1C41-43AD-9E3A-09C7DF9152BA}.Debug|x64.Build.0 = Debug|x64
		{D114B731-1C41-43AD-9E3A-09C7DF9152BA}.Debug|x86.ActiveCfg = Debug|Win32
		{D114B731-1C41-43AD-9E3A-09C7DF9152BA}.Debug|x86.Build.0 = Debug|Win32
		{D114B731-1C41-43AD-9E3A-09C7DF9152BA}.Release|x64.ActiveCfg = Release|x64
		{D114B731-1C41-43AD-9E3A-09C7DF9152BA}.Release|x64.Build.0 = Release|x64
		{D114B731-1C41-43AD-9E3A-09C7DF9152BA}.Release|x86.ActiveCfg = Release|Win32
		{D114B731-1C41-43AD-9E3A-09C7DF9152BA}.Release|x86.Build.0 = Release|Win32
		{48EC0E7C-C6DF-4D75-834D-0F96914D1700}.Debug|x64.ActiveCfg = Debug|x64
		{48EC0E7C-C6DF-4D75-834D-0F96914D1700}.Debug|x64.Build.0 = Debug|x64
		{48EC0E7C-C6DF-4D75-834D-0F96914D1700}.Debug|x86.ActiveCfg = Debug|Win32
		{48EC0E7C-C6DF-4D75-834D-0F96914D1700}.Debug|x86.Build.0 = Debug|Win32
		{48EC0E7C-C6DF-4D75-834D-0F96914D1700}.Release|x64.ActiveCfg = Release|x64
		{48EC0E7C-C6DF-4D75-834D-0F96914D1700}.Release|x64.Build.0 = Release|x64
		{48EC0E7C-C6DF-4D75-834D-0F96914D1700}.Release|x86.ActiveCfg = Release|Win32
		{48EC0E7C-C6DF-4D75-834D-0F96914D1700}.Release|x86.Build.0 = Release|Win32
		{352F92E6-0165-403A-BB3B-AD170A1A603A}.Debug|x64.ActiveCfg = Debug|x64
		{352F92E6-0165-403A-BB3B-AD170A1A603A}.Debug|x64.Build.0 = Debug|x64
		{352F92E6-0165-403A-BB3B-AD170A1A603A}.Debug|x86.ActiveCfg = Debug|Win32
		{352F92E6-0165-403A-BB3B-AD170A1A603A}.Debug|x86.Build.0 = Debug|Win32
		{352F92E6-0165-403A-BB3B-AD170A1A603A}.Release|x64.ActiveCfg = Release|x64
		{352F92E6-0165-403A-BB3B-AD170A1A603A}.Release|x64.Build.0 = Release|x64
		{352F92E6-0165-403A-BB3B-AD170A1A603A}.Release|x86.ActiveCfg = Release|Win32
		{352F92E6-0165-403A-BB3B-AD170A1A603A}.Release|x86.Build.0 = Release|Win32
		{25A63E8C-5FCD-4726-8D29-6A848242AA3A}.Debug|x64.ActiveCfg = Debug|x64
		{25A63E8C-5FCD-4726-8D29-6A848242AA3A}.Debug|x64.Build.0 = Debug|x64
		{25A63E8C-5FCD-4726-8D29-6A848242AA3A}.Debug|x86.ActiveCfg = Debug|Win32
		{25A63E8C-5FCD-4726-8D29-6A848242AA3A}.Debug|x86.Build.0 = Debug|Win32
		{25A63E8C-5FCD-4726-8D29-6A848242AA3A}.Release|x64.ActiveCfg = Release|x64
		{25A63E8C-5FCD-4726-8D29-6A848242AA3A}.Release|x64.Build.0 = Release|x64
		{25A63E8C-5FCD-4726-8D29-6A848242AA3A}.Release|x86.ActiveCfg = Release|Win32
		{25A63E8C-5FCD-4726-8D29-6A848242AA3A}.Release|x86.Build.0 = Release|Win32
		{9ED631A9-08B5-40A3-B760-528E36D8B3A9}.Debug|x64.ActiveCfg = Debug|x64
		{9ED631A9-08B5-40A3-B760-528E36D8B3A9}.Debug|x64.Build.0 = Debug|x64
		{9ED631A9-08B5-40A3-B760-528E36D8B3A9}.Debug|x86.ActiveCfg = Debug|Win32
		{9ED631A9-08B5-40A3-B760-528E36D8B3A9}.Debug|x86.Build.0 = Debug|Win32
		{9ED631A9-08B5-40A3-B760-528E36D8B3A9}.Release|x64.ActiveCfg = Release|x64
		{9ED631A9-08B5-40A3-B760-528E36D8B3A9}.Release|x64.Build.0 = Release|x64
		{9ED631A9-08B5-40A3-B760-528E36D8B3A9}.Release|x86.ActiveCfg = Release|Win32
		{9ED631A9-08B5-40A3-B760-528E36D8B3A9}.Release|x86.Build.0 = Release|Win32
		{07A09C23-34AA-4E18-9083-7EB7D3EAC12B}.Debug|x64.ActiveCfg = Debug|x64
		{07A09C23-34AA-4E18-9083-7EB7D3EAC12B}.Debug|x64.Build.0 = Debug|x64
		{07A09C23-34AA-4E18-9083-7EB7D3EAC12B}.Debug|x86.ActiveCfg = Debug|Win32
		{07A09C23-34AA-4E18-9083-7EB7D3EAC12B}.Debug|x86.Build.0 = Debug|Win32
		{07A09C23-34AA-4E18-9083-7EB7D3EAC12B}.Release|x64.ActiveCfg = Release|x64
		{07A09C23-34AA-4E18-9083-7EB7D3EAC12B}.Release|x64.Build.0 = Release|x64
		{07A09C23-34AA-4E18-9083-7EB7D3EAC12B}.Release|x86.ActiveCfg = Release|Win32
		{07A09C23-34AA-4E18-9083-7EB7D3EAC12B}.Release|x86.Build.0 = Release|Win32
		{BBDF5018-E17E-4EC9-AC71-F8E44A2B643B}.Debug|x64.ActiveCfg = Debug|x64
		{BBDF5018-E17E-4EC9-AC71-F8E44A2B643B}.Debug|x64.Build.0 = Debug|x64
		{BBDF5018-E17E-4EC9-AC71-F8E44A2B643B}.Debug|x86.ActiveCfg = Debug|Win32
		{BBDF5018-E17E-4EC9-AC71-F8E44A2B643B}.Debug|x86.Build.0 = Debug|Win32
		{BBDF5018-E17E-4EC9-AC71-F8E44A2B643B}.Release|x64.ActiveCfg = Release|x64
		{BBDF5018-E17E-4EC9-AC71-F8E44A2B643B}.Release|x64.Build.0 = Release|x64
		{BBDF5018-E17E-4EC9-AC71-F8E44A2B643B}.Release|x86.ActiveCfg = Release|Win32
		{BBDF5018-E17E-4EC9-AC71-F8E44A2B643B}.Release|x86.Build.0 = Release|Win32
		{49D63E8C-0A61-4B06-A92F-59A3801DC1A5}.Debug|x64.ActiveCfg = Debug|x64
		{49D63E8C-0A61-4B06-A92F-59A3801DC1A5}.Debug|x64.Build.0 = Debug|x64
		{49D63E8C-0A61-4B06-A92F-59A3801DC1A5}.Debug|x86.ActiveCfg = Debug|Win32
		{49D63E8C-0A61-4B06-A92F-59A3801DC1A5}.Debug|x86.Build.0 = Debug|Win32
		{49D63E8C-0A61-4B06-A92F-59A3801DC1A5}.Release|x64.ActiveCfg = Release|x64
		{49D63E8C-0A61-4B06-A92F-59A3801DC1A5}.Release|x64.Build.0 = Release|x64
		{49D63E8C-0A61-4B06-A92F-59A3801DC1A5}.Release|x86.ActiveCfg = Release|Win32
		{49D63E8C-0A61-4B06-A92F-59A3801DC1A5}.Release|x86.Build.0 = Release|Win32
		{285E29EE-7E32-4D3C-9093-CCBAB72B4927}.Debug|x64.ActiveCfg = Debug|x64
		{285E29EE-7E32-4D3C-9093-CCBAB72B4927}.Debug|x64.Build.0 = Debug|x64
		{285E29EE-7E32-4D3C-9093-CCBAB72B4927}.Debug|x86.ActiveCfg = Debug|Win32
		{285E29EE-7E32-4D3C-9093-CCBAB72B4927}.Debug|x86.Build.0 = Debug|Win32
		{285E29EE-7E32-4D3C-9093-CCBAB72B4927}.Release|x64.ActiveCfg = Release|x64
		{285E29EE-7E32-4D3C-9093-CCBAB72B4927}.Release|x64.Build.0 = Release|x64
		{285E29EE-7E32-4D3C-9093-CCBAB72B4927}.Release|x86.ActiveCfg = Release|Win32
		{285E29EE-7E32-4D3C-9093-CCBAB72B4927}.Release|x86.Build.0 = Release|Win32
		{3EB2BFEC-4AB7-4C7B-B583-473B58FABD6A}.Debug|x64.ActiveCfg = Debug|x64
		{3EB2BFEC-4AB7-4C7B-B583-473B58FABD6A}.Debug|x64.Build.0 = Debug|x64
		{3EB2BFEC-4AB7-4C7B-B583-473B58FABD6A}.Debug|x86.ActiveCfg = Debug|Win32
		{3EB2BFEC-4AB7-4C7B-B583-473B58FABD6A}.Debug|x86.Build.0 = Debug|Win32
		{3EB2BFEC-4AB7-4C7B-B583-473B58FABD6A}.Release|x64.ActiveCfg = Release|x64
		{3EB2BFEC-4AB7-4C7B-B583-473B58FABD6A}.Release|x64.Build.0 = Release|x64
		{3EB2BFEC-4AB7-4C7B-B583-473B58FABD6A}.Release|x86.ActiveCfg = Release|Win32
		{3EB2BFEC-4AB7-4C7B-B583-473B58FABD6A}.Release|x86.Build.0 = Release|Win32
		{5A0464F9-4149-41F9-A70D-8F4DC188BD78}.Debug|x64.ActiveCfg = Debug|x64
		{5A0464F9-4149-41F9-A70D-8F4DC188BD78}.Debug|x64.Build.0 = Debug|x64
		{5A0464F9-4149-41F9-A70D-8F4DC188BD78}.Debug|x86.ActiveCfg = Debug|Win32
		{5A0464F9-4149-41F9-A70D-8F4DC188BD78}.Debug|x86.Build.0 = Debug|Win32
		{5A0464F9-4149-41F9-A70D-8F4DC188BD78}.Release|x64.ActiveCfg = Release|x64
		{5A0464F9-4149-41F9-A70D-8F4DC188BD78}.Release|x64.Build.0 = Release|x64
		{5A0464F9-4149-41F9-A70D-8F4DC188BD78}.Release|x86.ActiveCfg = Release|Win32
		{5A0464F9-4149-41F9-A70D-8F4DC188BD78}.Release|x86.Build.0 = Release|Win32
		{7CFBCFA8-3DD0-487C-B72F-1AA55733836C}.Debug|x64.ActiveCfg = Debug|x64
		{7CFBCFA8-3DD0-487C-B72F-1AA55733836C}.Debug|x64.Build.0 = Debug|x64
		{7CFBCFA8-3DD0-487C-B72F-1AA55733836C}.Debug|x86.ActiveCfg = Debug|Win32
		{7CFBCFA8-3DD0-487C-B72F-1AA55733836C}.Debug|x86.Build.0 = Debug|Win32
		{7CFBCFA8-3DD0-487C-B72F-1AA55733836C}.Release|x64.ActiveCfg = Release|x64
		{7CFBCFA8-3DD0-487C-B72F-1AA55733836C}.Release|x64.Build.0 = Release|x64
		{7CFBCFA8-3DD0-487C-B72F-1AA55733836C}.Release|x86.ActiveCfg = Release|Win32
		{7CFBCFA8-3DD0-487C-B72F-1AA55733836C}.Release|x86.Build.0 = Release|Win32
		{E0B9BEBA-70F6-49FC-BBB9-4B478ABC2773}.Debug|x64.ActiveCfg = Debug|x64
		{E0B9BEBA-70F6-49FC-BBB9-4B478ABC2773}.Debug|x64.Build.0 = Debug|x64
		{E0B9BEBA-70F6-49FC-BBB9-4B478ABC2773}.Debug|x86.ActiveCfg = Debug|Win32
		{E0B9BEBA-70F6-49FC-BBB9-4B478ABC2773}.Debug|x86.Build.0 = Debug|Win32
		{E0B9BEBA-70F6-49FC-BBB9-4B478ABC2773}.Release|x64.ActiveCfg = Release|x64
		{E0B9BEBA-70F6-49FC-BBB9-4B478ABC2773}.Release|x64.Build.0 = Release|x64
		{E0B9BEBA-70F6-49FC-BBB9-4B478ABC2773}.Release|x86.ActiveCfg = Release|Win32
		{E0B9BEBA-70F6-49FC-BBB9-4B478ABC2773}.Release|x86.Build.0 = Release|Win32
		{E1A7754C-C904-4DED-8378-4A05EA1F1B38}.Debug|x64.ActiveCfg = Debug|x64
		{E1A7754C-C904-4DED-8378-4A05EA1F1B38}.Debug|x64.Build.0 = Debug|x64
		{E1A7754C-C904-4DED-8378-4A05EA1F1B38}.Debug|x86.ActiveCfg = Debug|Win32
		{E1A7754C-C904-4DED-8378-4A05EA1F1B38}.Debug|x86.Build.0 = Debug|Win32
		{E1A7754C-C904-4DED-8378-4A05EA1F1B38}.Release|x64.ActiveCfg = Release|x64
		{E1A7754C-C904-4DED-8378-4A05EA1F1B38}.Release|x64.Build.0 = Release|x64
		{E1A7754C-C904-4DED-8378-4A05EA1F1B38}.Release|x86.ActiveCfg = Release|Win32
		{E1A7754C-C904-4DED-8378-4A05EA1F1B38}.Release|x86.Build.0 = Release|Win32
		{8598F927-988D-4735-88BC-1068E822F850}.Debug|x64.ActiveCfg = Debug|x64
		{8598F927-988D-4735-88BC-1068E822F850}.Debug|x64.Build.0 = Debug|x64
		{8598F927-988D-4735-88BC-1068E822F850}.Debug|x86.ActiveCfg = Debug|Win32
		{8598F927-988D-4735-88BC-1068E822F850}.Debug|x86.Build.0 = Debug|Win32
		{8598F927-988D-4735-88BC-1068E822F850}.Release|x64.ActiveCfg = Release|x64
		{8598F927-988D-4735-88BC-1068E822F850}.Release|x64.Build.0 = Release|x64
		{8598F927-988D-4735-88BC-1068E822F850}.Release|x86.ActiveCfg = Release|Win32
		{8598F927-988D-4735-88BC-1068E822F850}.Release|x86.Build.0 = Release|Win32
	EndGlobalSection
	GlobalSection(SolutionProperties) = preSolution
		HideSolutionNode = FALSE
	EndGlobalSection
EndGlobal
