
Microsoft Visual Studio Solution File, Format Version 12.00
# Visual Studio 14
VisualStudioVersion = 14.0.25420.1
MinimumVisualStudioVersion = 10.0.40219.1
Project("{8BC9CEB8-8B4A-11D0-8D11-00A0C91BC942}") = "Prog2SS19Fügenschuh", "Prog2SS19Fügenschuh\Prog2SS19Fügenschuh.vcxproj", "{3945EA67-FAF5-4F54-ACE2-C5766ABBF5DF}"
EndProject
Project("{8BC9CEB8-8B4A-11D0-8D11-00A0C91BC942}") = "Üb1Aufg1", "Üb1Aufg1\Üb1Aufg1.vcxproj", "{2F69BEE0-0DFC-4C72-9E69-5298137D865D}"
EndProject
Project("{8BC9CEB8-8B4A-11D0-8D11-00A0C91BC942}") = "Üb2VL", "Üb2VL\Üb2VL.vcxproj", "{B7E44832-AA6B-40E5-8841-75A5BF80D143}"
EndProject
Project("{8BC9CEB8-8B4A-11D0-8D11-00A0C91BC942}") = "testen", "testen\testen.vcxproj", "{C7EBF4CF-E969-4A40-9317-7BD9E7A85275}"
EndProject
Project("{8BC9CEB8-8B4A-11D0-8D11-00A0C91BC942}") = "Üb2Auf2", "Üb2Auf2\Üb2Auf2.vcxproj", "{EFE0448D-D54A-49FB-8DAF-0911EA9D6618}"
EndProject
Project("{8BC9CEB8-8B4A-11D0-8D11-00A0C91BC942}") = "Rational", "Rational\Rational.vcxproj", "{67D4F14C-B067-4CE4-B534-73BB51C6D753}"
EndProject
Project("{8BC9CEB8-8B4A-11D0-8D11-00A0C91BC942}") = "üb3", "üb3\üb3.vcxproj", "{E0CEE2ED-9DFE-4E7B-8949-901856AEE754}"
EndProject
Project("{8BC9CEB8-8B4A-11D0-8D11-00A0C91BC942}") = "HA01", "HA01\HA01.vcxproj", "{95EAA039-1982-4840-95C4-C64A85041A8C}"
EndProject
Project("{8BC9CEB8-8B4A-11D0-8D11-00A0C91BC942}") = "Üb4Aufg1", "Üb4Aufg1\Üb4Aufg1.vcxproj", "{C934F2BA-1712-4093-AB63-06F16918C9A3}"
EndProject
Project("{8BC9CEB8-8B4A-11D0-8D11-00A0C91BC942}") = "UebUeberladen", "UebUeberladen\UebUeberladen.vcxproj", "{2812F476-A7F7-47A7-8347-49BE9A20E666}"
EndProject
Project("{8BC9CEB8-8B4A-11D0-8D11-00A0C91BC942}") = "rational2", "rational2\rational2.vcxproj", "{C0F54BF9-AA29-4C05-923C-6336C67E5221}"
EndProject
Project("{8BC9CEB8-8B4A-11D0-8D11-00A0C91BC942}") = "HA02", "HA02\HA02.vcxproj", "{B19B4A89-1958-44A9-B6F0-7A85B4B41A14}"
EndProject
Project("{8BC9CEB8-8B4A-11D0-8D11-00A0C91BC942}") = "IntArray", "IntArray\IntArray.vcxproj", "{6A951E3E-9B84-4ED8-ADFD-9C332F023C74}"
EndProject
Project("{8BC9CEB8-8B4A-11D0-8D11-00A0C91BC942}") = "Ueb5aufg2", "Ueb5aufg2\Ueb5aufg2.vcxproj", "{31778FDA-3EDD-4499-AF08-9CC03E9D46B0}"
EndProject
Project("{8BC9CEB8-8B4A-11D0-8D11-00A0C91BC942}") = "UebungZeiger", "UebungZeiger\UebungZeiger.vcxproj", "{187DCC12-4034-48A6-9D5F-7F7B791AA9DA}"
EndProject
Project("{8BC9CEB8-8B4A-11D0-8D11-00A0C91BC942}") = "PolynomHA02", "PolynomHA02\PolynomHA02.vcxproj", "{25C79C74-0B52-447F-B400-7AFCC7EF958C}"
EndProject
Project("{2150E333-8FDC-42A3-9474-1A3956D46DE8}") = "Prog2bSS19", "Prog2bSS19", "{695193BB-8964-4380-88E3-8CADC7C1A3AC}"
EndProject
Project("{8BC9CEB8-8B4A-11D0-8D11-00A0C91BC942}") = "Üb1Prog2bAufg3", "Üb1Prog2bAufg3\Üb1Prog2bAufg3.vcxproj", "{4BC6D064-B2E7-415B-9D97-0B68CF98BF29}"
EndProject
Project("{8BC9CEB8-8B4A-11D0-8D11-00A0C91BC942}") = "WdhProg2aÜb2", "WdhProg2aÜb2\WdhProg2aÜb2.vcxproj", "{0E28C592-5585-404C-B395-3CFEA547E095}"
EndProject
Project("{8BC9CEB8-8B4A-11D0-8D11-00A0C91BC942}") = "Person", "Person\Person.vcxproj", "{063F45C8-9BEE-4909-97C1-B662299A3777}"
EndProject
Project("{8BC9CEB8-8B4A-11D0-8D11-00A0C91BC942}") = "LsgTest3Prog2a", "LsgTest3Prog2a\LsgTest3Prog2a.vcxproj", "{4D35E791-9209-45B0-9C91-C99788817755}"
EndProject
Project("{8BC9CEB8-8B4A-11D0-8D11-00A0C91BC942}") = "LsgAltklausur1Prog2a", "LsgAltklausur1Prog2a\LsgAltklausur1Prog2a.vcxproj", "{8CEAE567-A24E-4E25-AB90-EE9663C3E136}"
EndProject
Project("{8BC9CEB8-8B4A-11D0-8D11-00A0C91BC942}") = "LsgAltklausur2Prog2a", "LsgAltklausur2Prog2a\LsgAltklausur2Prog2a.vcxproj", "{2EC2442B-5ED8-4E95-BDCB-6B81B75704F0}"
EndProject
Project("{8BC9CEB8-8B4A-11D0-8D11-00A0C91BC942}") = "Ueb1Bezugspunkt", "Ueb1Bezugspunkt\Ueb1Bezugspunkt.vcxproj", "{56022C37-D459-4B94-8BD0-F80E8F48C500}"
EndProject
Project("{8BC9CEB8-8B4A-11D0-8D11-00A0C91BC942}") = "Ueb02Aufg2", "Ueb02Aufg2\Ueb02Aufg2.vcxproj", "{72609001-C098-42E2-8D71-00DB4EE937FF}"
EndProject
Project("{8BC9CEB8-8B4A-11D0-8D11-00A0C91BC942}") = "Prog2bWurzel", "Prog2bWurzel\Prog2bWurzel.vcxproj", "{DE7F5B84-8CEE-4633-AD92-389B3FADAA51}"
EndProject
Project("{8BC9CEB8-8B4A-11D0-8D11-00A0C91BC942}") = "TuWas", "TuWas\TuWas.vcxproj", "{67F7952F-161B-4F80-BE00-903B17411C01}"
EndProject
Project("{8BC9CEB8-8B4A-11D0-8D11-00A0C91BC942}") = "rechnen", "rechnen\rechnen.vcxproj", "{E445F434-391F-4863-9D40-AE3B8063F39F}"
EndProject
Project("{8BC9CEB8-8B4A-11D0-8D11-00A0C91BC942}") = "FehlerKlasse", "FehlerKlasse\FehlerKlasse.vcxproj", "{CF3965B7-85F7-4D1F-9410-75E813F56F8A}"
EndProject
Project("{8BC9CEB8-8B4A-11D0-8D11-00A0C91BC942}") = "Exception-Error-Basisklasse", "Exception-Error-Basisklasse\Exception-Error-Basisklasse.vcxproj", "{9BA6D294-E924-45AD-B982-D5ABAB7929F3}"
EndProject
Project("{8BC9CEB8-8B4A-11D0-8D11-00A0C91BC942}") = "HA01_Prog2b", "HA01_Prog2b\HA01_Prog2b.vcxproj", "{7804055E-F55C-4AB6-8EB2-AF77DEA79BD9}"
EndProject
Project("{8BC9CEB8-8B4A-11D0-8D11-00A0C91BC942}") = "Ueb3Prog2b", "Ueb3Prog2b\Ueb3Prog2b.vcxproj", "{94D5E53F-8060-4E39-AAA4-30060FB61552}"
EndProject
Project("{8BC9CEB8-8B4A-11D0-8D11-00A0C91BC942}") = "TemplateKlasse", "TemplateKlasse\TemplateKlasse.vcxproj", "{6193E951-FE98-4138-A800-364FE429EC33}"
EndProject
Project("{8BC9CEB8-8B4A-11D0-8D11-00A0C91BC942}") = "Nullstellenbestimmung", "Nullstellenbestimmung\Nullstellenbestimmung.vcxproj", "{20A601F9-020B-422B-AB2A-50B7CFED08F8}"
EndProject
Project("{8BC9CEB8-8B4A-11D0-8D11-00A0C91BC942}") = "TestProtected", "TestProtected\TestProtected.vcxproj", "{53EFED1F-CCE7-4A3A-8AD9-AAAA21D888F6}"
EndProject
Project("{8BC9CEB8-8B4A-11D0-8D11-00A0C91BC942}") = "TestException", "TestException\TestException.vcxproj", "{BB32DA43-F8F6-46A6-86BC-7B201F930BB6}"
EndProject
Project("{8BC9CEB8-8B4A-11D0-8D11-00A0C91BC942}") = "HA02Prog2b", "HA02Prog2b\HA02Prog2b.vcxproj", "{6E5B6E92-929E-4C5E-B0E9-41D96E637EA8}"
EndProject
Project("{8BC9CEB8-8B4A-11D0-8D11-00A0C91BC942}") = "ProbeklausurProg2b", "ProbeklausurProg2b\ProbeklausurProg2b.vcxproj", "{19C455C9-96D5-4453-A7B3-8C81F3D4DD52}"
EndProject
Project("{8BC9CEB8-8B4A-11D0-8D11-00A0C91BC942}") = "Blatt1Prog2b", "Blatt1Prog2b\Blatt1Prog2b.vcxproj", "{800618FB-A915-43E3-8909-628CF6E20D13}"
EndProject
Project("{8BC9CEB8-8B4A-11D0-8D11-00A0C91BC942}") = "Polymorphie", "Polymorphie\Polymorphie.vcxproj", "{5F296A23-BDA2-4020-A903-CE70AD0592B6}"
EndProject
Project("{8BC9CEB8-8B4A-11D0-8D11-00A0C91BC942}") = "VirtuellerDestruktor", "VirtuellerDestruktor\VirtuellerDestruktor.vcxproj", "{575A7BB5-D575-4CFE-9C0D-2C386BB2B5C4}"
EndProject
Project("{8BC9CEB8-8B4A-11D0-8D11-00A0C91BC942}") = "TierAbstrakt", "TierAbstrakt\TierAbstrakt.vcxproj", "{D0434DB6-DCFC-42C8-9B7E-A4B68F6CF889}"
EndProject
Project("{8BC9CEB8-8B4A-11D0-8D11-00A0C91BC942}") = "TestAusnahmebehandlung", "TestAusnahmebehandlung\TestAusnahmebehandlung.vcxproj", "{D4B91B5E-C2EE-4C7A-BA38-9CE5E29171D7}"
EndProject
Project("{8BC9CEB8-8B4A-11D0-8D11-00A0C91BC942}") = "TestAusnahmebehandlungTryCatch", "TestAusnahmebehandlungTryCatch\TestAusnahmebehandlungTryCatch.vcxproj", "{C5862D50-B3BF-4FC7-B041-DF783CB2D103}"
EndProject
Project("{8BC9CEB8-8B4A-11D0-8D11-00A0C91BC942}") = "TestTryCatchSwitchDefaultThrow", "TestTryCatchSwitchDefaultThrow\TestTryCatchSwitchDefaultThrow.vcxproj", "{1369B4E6-0E52-43DF-821F-4CE9D41FE94B}"
EndProject
Project("{8BC9CEB8-8B4A-11D0-8D11-00A0C91BC942}") = "TestVieleCatch", "TestVieleCatch\TestVieleCatch.vcxproj", "{022C41D9-B492-482A-B795-38A7F940258F}"
EndProject
Project("{8BC9CEB8-8B4A-11D0-8D11-00A0C91BC942}") = "TestFehlerklasse", "TestFehlerklasse\TestFehlerklasse.vcxproj", "{BC8F3695-286A-49D6-B88D-983B24F1A80E}"
EndProject
Project("{8BC9CEB8-8B4A-11D0-8D11-00A0C91BC942}") = "TestBasisFehlerklasse", "TestBasisFehlerklasse\TestBasisFehlerklasse.vcxproj", "{5E08B10F-4ADB-4A6F-B719-A4F2F27DE674}"
EndProject
Project("{8BC9CEB8-8B4A-11D0-8D11-00A0C91BC942}") = "TestStandardFehlerklasse", "TestStandardFehlerklasse\TestStandardFehlerklasse.vcxproj", "{4682AC2A-337C-48D6-84AB-ECBFB192583A}"
EndProject
Project("{8BC9CEB8-8B4A-11D0-8D11-00A0C91BC942}") = "TestOutOfRangeFehlerklasse", "TestOutOfRangeFehlerklasse\TestOutOfRangeFehlerklasse.vcxproj", "{25C1D96E-6728-44AF-876F-ECFD6E5A199F}"
EndProject
Project("{8BC9CEB8-8B4A-11D0-8D11-00A0C91BC942}") = "Ueb3Aufg2", "Ueb3Aufg2\Ueb3Aufg2.vcxproj", "{61FC4356-0950-424D-B547-7F38C971BB50}"
EndProject
Project("{8BC9CEB8-8B4A-11D0-8D11-00A0C91BC942}") = "Ueb3Aufg3", "Ueb3Aufg3\Ueb3Aufg3.vcxproj", "{B0C2E177-DBF9-43D6-B485-52B0468EA3E1}"
EndProject
Project("{8BC9CEB8-8B4A-11D0-8D11-00A0C91BC942}") = "Ueb3Aufg4", "Ueb3Aufg4\Ueb3Aufg4.vcxproj", "{604605C7-3A63-4F91-995B-9A81295CDF5A}"
EndProject
Project("{2150E333-8FDC-42A3-9474-1A3956D46DE8}") = "ProgErweiterung", "ProgErweiterung", "{9B6CE2B1-4EA7-4BEC-971C-4BF26F328241}"
EndProject
Project("{8BC9CEB8-8B4A-11D0-8D11-00A0C91BC942}") = "Basisblatt", "Basisblatt\Basisblatt.vcxproj", "{2ACA92EE-C875-4082-B11E-2F80A9AB74E1}"
EndProject
Project("{8BC9CEB8-8B4A-11D0-8D11-00A0C91BC942}") = "TestArray2", "TestArray2\TestArray2.vcxproj", "{DF2C0556-67ED-4FA3-AF71-8298778098E6}"
EndProject
Global
	GlobalSection(SolutionConfigurationPlatforms) = preSolution
		Debug|x64 = Debug|x64
		Debug|x86 = Debug|x86
		Release|x64 = Release|x64
		Release|x86 = Release|x86
	EndGlobalSection
	GlobalSection(ProjectConfigurationPlatforms) = postSolution
		{3945EA67-FAF5-4F54-ACE2-C5766ABBF5DF}.Debug|x64.ActiveCfg = Debug|x64
		{3945EA67-FAF5-4F54-ACE2-C5766ABBF5DF}.Debug|x64.Build.0 = Debug|x64
		{3945EA67-FAF5-4F54-ACE2-C5766ABBF5DF}.Debug|x86.ActiveCfg = Debug|Win32
		{3945EA67-FAF5-4F54-ACE2-C5766ABBF5DF}.Debug|x86.Build.0 = Debug|Win32
		{3945EA67-FAF5-4F54-ACE2-C5766ABBF5DF}.Release|x64.ActiveCfg = Release|x64
		{3945EA67-FAF5-4F54-ACE2-C5766ABBF5DF}.Release|x64.Build.0 = Release|x64
		{3945EA67-FAF5-4F54-ACE2-C5766ABBF5DF}.Release|x86.ActiveCfg = Release|Win32
		{3945EA67-FAF5-4F54-ACE2-C5766ABBF5DF}.Release|x86.Build.0 = Release|Win32
		{2F69BEE0-0DFC-4C72-9E69-5298137D865D}.Debug|x64.ActiveCfg = Debug|x64
		{2F69BEE0-0DFC-4C72-9E69-5298137D865D}.Debug|x64.Build.0 = Debug|x64
		{2F69BEE0-0DFC-4C72-9E69-5298137D865D}.Debug|x86.ActiveCfg = Debug|Win32
		{2F69BEE0-0DFC-4C72-9E69-5298137D865D}.Debug|x86.Build.0 = Debug|Win32
		{2F69BEE0-0DFC-4C72-9E69-5298137D865D}.Release|x64.ActiveCfg = Release|x64
		{2F69BEE0-0DFC-4C72-9E69-5298137D865D}.Release|x64.Build.0 = Release|x64
		{2F69BEE0-0DFC-4C72-9E69-5298137D865D}.Release|x86.ActiveCfg = Release|Win32
		{2F69BEE0-0DFC-4C72-9E69-5298137D865D}.Release|x86.Build.0 = Release|Win32
		{B7E44832-AA6B-40E5-8841-75A5BF80D143}.Debug|x64.ActiveCfg = Debug|x64
		{B7E44832-AA6B-40E5-8841-75A5BF80D143}.Debug|x64.Build.0 = Debug|x64
		{B7E44832-AA6B-40E5-8841-75A5BF80D143}.Debug|x86.ActiveCfg = Debug|Win32
		{B7E44832-AA6B-40E5-8841-75A5BF80D143}.Debug|x86.Build.0 = Debug|Win32
		{B7E44832-AA6B-40E5-8841-75A5BF80D143}.Release|x64.ActiveCfg = Release|x64
		{B7E44832-AA6B-40E5-8841-75A5BF80D143}.Release|x64.Build.0 = Release|x64
		{B7E44832-AA6B-40E5-8841-75A5BF80D143}.Release|x86.ActiveCfg = Release|Win32
		{B7E44832-AA6B-40E5-8841-75A5BF80D143}.Release|x86.Build.0 = Release|Win32
		{C7EBF4CF-E969-4A40-9317-7BD9E7A85275}.Debug|x64.ActiveCfg = Debug|x64
		{C7EBF4CF-E969-4A40-9317-7BD9E7A85275}.Debug|x64.Build.0 = Debug|x64
		{C7EBF4CF-E969-4A40-9317-7BD9E7A85275}.Debug|x86.ActiveCfg = Debug|Win32
		{C7EBF4CF-E969-4A40-9317-7BD9E7A85275}.Debug|x86.Build.0 = Debug|Win32
		{C7EBF4CF-E969-4A40-9317-7BD9E7A85275}.Release|x64.ActiveCfg = Release|x64
		{C7EBF4CF-E969-4A40-9317-7BD9E7A85275}.Release|x64.Build.0 = Release|x64
		{C7EBF4CF-E969-4A40-9317-7BD9E7A85275}.Release|x86.ActiveCfg = Release|Win32
		{C7EBF4CF-E969-4A40-9317-7BD9E7A85275}.Release|x86.Build.0 = Release|Win32
		{EFE0448D-D54A-49FB-8DAF-0911EA9D6618}.Debug|x64.ActiveCfg = Debug|x64
		{EFE0448D-D54A-49FB-8DAF-0911EA9D6618}.Debug|x64.Build.0 = Debug|x64
		{EFE0448D-D54A-49FB-8DAF-0911EA9D6618}.Debug|x86.ActiveCfg = Debug|Win32
		{EFE0448D-D54A-49FB-8DAF-0911EA9D6618}.Debug|x86.Build.0 = Debug|Win32
		{EFE0448D-D54A-49FB-8DAF-0911EA9D6618}.Release|x64.ActiveCfg = Release|x64
		{EFE0448D-D54A-49FB-8DAF-0911EA9D6618}.Release|x64.Build.0 = Release|x64
		{EFE0448D-D54A-49FB-8DAF-0911EA9D6618}.Release|x86.ActiveCfg = Release|Win32
		{EFE0448D-D54A-49FB-8DAF-0911EA9D6618}.Release|x86.Build.0 = Release|Win32
		{67D4F14C-B067-4CE4-B534-73BB51C6D753}.Debug|x64.ActiveCfg = Debug|x64
		{67D4F14C-B067-4CE4-B534-73BB51C6D753}.Debug|x64.Build.0 = Debug|x64
		{67D4F14C-B067-4CE4-B534-73BB51C6D753}.Debug|x86.ActiveCfg = Debug|Win32
		{67D4F14C-B067-4CE4-B534-73BB51C6D753}.Debug|x86.Build.0 = Debug|Win32
		{67D4F14C-B067-4CE4-B534-73BB51C6D753}.Release|x64.ActiveCfg = Release|x64
		{67D4F14C-B067-4CE4-B534-73BB51C6D753}.Release|x64.Build.0 = Release|x64
		{67D4F14C-B067-4CE4-B534-73BB51C6D753}.Release|x86.ActiveCfg = Release|Win32
		{67D4F14C-B067-4CE4-B534-73BB51C6D753}.Release|x86.Build.0 = Release|Win32
		{E0CEE2ED-9DFE-4E7B-8949-901856AEE754}.Debug|x64.ActiveCfg = Debug|x64
		{E0CEE2ED-9DFE-4E7B-8949-901856AEE754}.Debug|x64.Build.0 = Debug|x64
		{E0CEE2ED-9DFE-4E7B-8949-901856AEE754}.Debug|x86.ActiveCfg = Debug|Win32
		{E0CEE2ED-9DFE-4E7B-8949-901856AEE754}.Debug|x86.Build.0 = Debug|Win32
		{E0CEE2ED-9DFE-4E7B-8949-901856AEE754}.Release|x64.ActiveCfg = Release|x64
		{E0CEE2ED-9DFE-4E7B-8949-901856AEE754}.Release|x64.Build.0 = Release|x64
		{E0CEE2ED-9DFE-4E7B-8949-901856AEE754}.Release|x86.ActiveCfg = Release|Win32
		{E0CEE2ED-9DFE-4E7B-8949-901856AEE754}.Release|x86.Build.0 = Release|Win32
		{95EAA039-1982-4840-95C4-C64A85041A8C}.Debug|x64.ActiveCfg = Debug|x64
		{95EAA039-1982-4840-95C4-C64A85041A8C}.Debug|x64.Build.0 = Debug|x64
		{95EAA039-1982-4840-95C4-C64A85041A8C}.Debug|x86.ActiveCfg = Debug|Win32
		{95EAA039-1982-4840-95C4-C64A85041A8C}.Debug|x86.Build.0 = Debug|Win32
		{95EAA039-1982-4840-95C4-C64A85041A8C}.Release|x64.ActiveCfg = Release|x64
		{95EAA039-1982-4840-95C4-C64A85041A8C}.Release|x64.Build.0 = Release|x64
		{95EAA039-1982-4840-95C4-C64A85041A8C}.Release|x86.ActiveCfg = Release|Win32
		{95EAA039-1982-4840-95C4-C64A85041A8C}.Release|x86.Build.0 = Release|Win32
		{C934F2BA-1712-4093-AB63-06F16918C9A3}.Debug|x64.ActiveCfg = Debug|x64
		{C934F2BA-1712-4093-AB63-06F16918C9A3}.Debug|x64.Build.0 = Debug|x64
		{C934F2BA-1712-4093-AB63-06F16918C9A3}.Debug|x86.ActiveCfg = Debug|Win32
		{C934F2BA-1712-4093-AB63-06F16918C9A3}.Debug|x86.Build.0 = Debug|Win32
		{C934F2BA-1712-4093-AB63-06F16918C9A3}.Release|x64.ActiveCfg = Release|x64
		{C934F2BA-1712-4093-AB63-06F16918C9A3}.Release|x64.Build.0 = Release|x64
		{C934F2BA-1712-4093-AB63-06F16918C9A3}.Release|x86.ActiveCfg = Release|Win32
		{C934F2BA-1712-4093-AB63-06F16918C9A3}.Release|x86.Build.0 = Release|Win32
		{2812F476-A7F7-47A7-8347-49BE9A20E666}.Debug|x64.ActiveCfg = Debug|x64
		{2812F476-A7F7-47A7-8347-49BE9A20E666}.Debug|x64.Build.0 = Debug|x64
		{2812F476-A7F7-47A7-8347-49BE9A20E666}.Debug|x86.ActiveCfg = Debug|Win32
		{2812F476-A7F7-47A7-8347-49BE9A20E666}.Debug|x86.Build.0 = Debug|Win32
		{2812F476-A7F7-47A7-8347-49BE9A20E666}.Release|x64.ActiveCfg = Release|x64
		{2812F476-A7F7-47A7-8347-49BE9A20E666}.Release|x64.Build.0 = Release|x64
		{2812F476-A7F7-47A7-8347-49BE9A20E666}.Release|x86.ActiveCfg = Release|Win32
		{2812F476-A7F7-47A7-8347-49BE9A20E666}.Release|x86.Build.0 = Release|Win32
		{C0F54BF9-AA29-4C05-923C-6336C67E5221}.Debug|x64.ActiveCfg = Debug|x64
		{C0F54BF9-AA29-4C05-923C-6336C67E5221}.Debug|x64.Build.0 = Debug|x64
		{C0F54BF9-AA29-4C05-923C-6336C67E5221}.Debug|x86.ActiveCfg = Debug|Win32
		{C0F54BF9-AA29-4C05-923C-6336C67E5221}.Debug|x86.Build.0 = Debug|Win32
		{C0F54BF9-AA29-4C05-923C-6336C67E5221}.Release|x64.ActiveCfg = Release|x64
		{C0F54BF9-AA29-4C05-923C-6336C67E5221}.Release|x64.Build.0 = Release|x64
		{C0F54BF9-AA29-4C05-923C-6336C67E5221}.Release|x86.ActiveCfg = Release|Win32
		{C0F54BF9-AA29-4C05-923C-6336C67E5221}.Release|x86.Build.0 = Release|Win32
		{B19B4A89-1958-44A9-B6F0-7A85B4B41A14}.Debug|x64.ActiveCfg = Debug|x64
		{B19B4A89-1958-44A9-B6F0-7A85B4B41A14}.Debug|x64.Build.0 = Debug|x64
		{B19B4A89-1958-44A9-B6F0-7A85B4B41A14}.Debug|x86.ActiveCfg = Debug|Win32
		{B19B4A89-1958-44A9-B6F0-7A85B4B41A14}.Debug|x86.Build.0 = Debug|Win32
		{B19B4A89-1958-44A9-B6F0-7A85B4B41A14}.Release|x64.ActiveCfg = Release|x64
		{B19B4A89-1958-44A9-B6F0-7A85B4B41A14}.Release|x64.Build.0 = Release|x64
		{B19B4A89-1958-44A9-B6F0-7A85B4B41A14}.Release|x86.ActiveCfg = Release|Win32
		{B19B4A89-1958-44A9-B6F0-7A85B4B41A14}.Release|x86.Build.0 = Release|Win32
		{6A951E3E-9B84-4ED8-ADFD-9C332F023C74}.Debug|x64.ActiveCfg = Debug|x64
		{6A951E3E-9B84-4ED8-ADFD-9C332F023C74}.Debug|x64.Build.0 = Debug|x64
		{6A951E3E-9B84-4ED8-ADFD-9C332F023C74}.Debug|x86.ActiveCfg = Debug|Win32
		{6A951E3E-9B84-4ED8-ADFD-9C332F023C74}.Debug|x86.Build.0 = Debug|Win32
		{6A951E3E-9B84-4ED8-ADFD-9C332F023C74}.Release|x64.ActiveCfg = Release|x64
		{6A951E3E-9B84-4ED8-ADFD-9C332F023C74}.Release|x64.Build.0 = Release|x64
		{6A951E3E-9B84-4ED8-ADFD-9C332F023C74}.Release|x86.ActiveCfg = Release|Win32
		{6A951E3E-9B84-4ED8-ADFD-9C332F023C74}.Release|x86.Build.0 = Release|Win32
		{31778FDA-3EDD-4499-AF08-9CC03E9D46B0}.Debug|x64.ActiveCfg = Debug|x64
		{31778FDA-3EDD-4499-AF08-9CC03E9D46B0}.Debug|x64.Build.0 = Debug|x64
		{31778FDA-3EDD-4499-AF08-9CC03E9D46B0}.Debug|x86.ActiveCfg = Debug|Win32
		{31778FDA-3EDD-4499-AF08-9CC03E9D46B0}.Debug|x86.Build.0 = Debug|Win32
		{31778FDA-3EDD-4499-AF08-9CC03E9D46B0}.Release|x64.ActiveCfg = Release|x64
		{31778FDA-3EDD-4499-AF08-9CC03E9D46B0}.Release|x64.Build.0 = Release|x64
		{31778FDA-3EDD-4499-AF08-9CC03E9D46B0}.Release|x86.ActiveCfg = Release|Win32
		{31778FDA-3EDD-4499-AF08-9CC03E9D46B0}.Release|x86.Build.0 = Release|Win32
		{187DCC12-4034-48A6-9D5F-7F7B791AA9DA}.Debug|x64.ActiveCfg = Debug|x64
		{187DCC12-4034-48A6-9D5F-7F7B791AA9DA}.Debug|x64.Build.0 = Debug|x64
		{187DCC12-4034-48A6-9D5F-7F7B791AA9DA}.Debug|x86.ActiveCfg = Debug|Win32
		{187DCC12-4034-48A6-9D5F-7F7B791AA9DA}.Debug|x86.Build.0 = Debug|Win32
		{187DCC12-4034-48A6-9D5F-7F7B791AA9DA}.Release|x64.ActiveCfg = Release|x64
		{187DCC12-4034-48A6-9D5F-7F7B791AA9DA}.Release|x64.Build.0 = Release|x64
		{187DCC12-4034-48A6-9D5F-7F7B791AA9DA}.Release|x86.ActiveCfg = Release|Win32
		{187DCC12-4034-48A6-9D5F-7F7B791AA9DA}.Release|x86.Build.0 = Release|Win32
		{25C79C74-0B52-447F-B400-7AFCC7EF958C}.Debug|x64.ActiveCfg = Debug|x64
		{25C79C74-0B52-447F-B400-7AFCC7EF958C}.Debug|x64.Build.0 = Debug|x64
		{25C79C74-0B52-447F-B400-7AFCC7EF958C}.Debug|x86.ActiveCfg = Debug|Win32
		{25C79C74-0B52-447F-B400-7AFCC7EF958C}.Debug|x86.Build.0 = Debug|Win32
		{25C79C74-0B52-447F-B400-7AFCC7EF958C}.Release|x64.ActiveCfg = Release|x64
		{25C79C74-0B52-447F-B400-7AFCC7EF958C}.Release|x64.Build.0 = Release|x64
		{25C79C74-0B52-447F-B400-7AFCC7EF958C}.Release|x86.ActiveCfg = Release|Win32
		{25C79C74-0B52-447F-B400-7AFCC7EF958C}.Release|x86.Build.0 = Release|Win32
		{4BC6D064-B2E7-415B-9D97-0B68CF98BF29}.Debug|x64.ActiveCfg = Debug|x64
		{4BC6D064-B2E7-415B-9D97-0B68CF98BF29}.Debug|x64.Build.0 = Debug|x64
		{4BC6D064-B2E7-415B-9D97-0B68CF98BF29}.Debug|x86.ActiveCfg = Debug|Win32
		{4BC6D064-B2E7-415B-9D97-0B68CF98BF29}.Debug|x86.Build.0 = Debug|Win32
		{4BC6D064-B2E7-415B-9D97-0B68CF98BF29}.Release|x64.ActiveCfg = Release|x64
		{4BC6D064-B2E7-415B-9D97-0B68CF98BF29}.Release|x64.Build.0 = Release|x64
		{4BC6D064-B2E7-415B-9D97-0B68CF98BF29}.Release|x86.ActiveCfg = Release|Win32
		{4BC6D064-B2E7-415B-9D97-0B68CF98BF29}.Release|x86.Build.0 = Release|Win32
		{0E28C592-5585-404C-B395-3CFEA547E095}.Debug|x64.ActiveCfg = Debug|x64
		{0E28C592-5585-404C-B395-3CFEA547E095}.Debug|x64.Build.0 = Debug|x64
		{0E28C592-5585-404C-B395-3CFEA547E095}.Debug|x86.ActiveCfg = Debug|Win32
		{0E28C592-5585-404C-B395-3CFEA547E095}.Debug|x86.Build.0 = Debug|Win32
		{0E28C592-5585-404C-B395-3CFEA547E095}.Release|x64.ActiveCfg = Release|x64
		{0E28C592-5585-404C-B395-3CFEA547E095}.Release|x64.Build.0 = Release|x64
		{0E28C592-5585-404C-B395-3CFEA547E095}.Release|x86.ActiveCfg = Release|Win32
		{0E28C592-5585-404C-B395-3CFEA547E095}.Release|x86.Build.0 = Release|Win32
		{063F45C8-9BEE-4909-97C1-B662299A3777}.Debug|x64.ActiveCfg = Debug|x64
		{063F45C8-9BEE-4909-97C1-B662299A3777}.Debug|x64.Build.0 = Debug|x64
		{063F45C8-9BEE-4909-97C1-B662299A3777}.Debug|x86.ActiveCfg = Debug|Win32
		{063F45C8-9BEE-4909-97C1-B662299A3777}.Debug|x86.Build.0 = Debug|Win32
		{063F45C8-9BEE-4909-97C1-B662299A3777}.Release|x64.ActiveCfg = Release|x64
		{063F45C8-9BEE-4909-97C1-B662299A3777}.Release|x64.Build.0 = Release|x64
		{063F45C8-9BEE-4909-97C1-B662299A3777}.Release|x86.ActiveCfg = Release|Win32
		{063F45C8-9BEE-4909-97C1-B662299A3777}.Release|x86.Build.0 = Release|Win32
		{4D35E791-9209-45B0-9C91-C99788817755}.Debug|x64.ActiveCfg = Debug|x64
		{4D35E791-9209-45B0-9C91-C99788817755}.Debug|x64.Build.0 = Debug|x64
		{4D35E791-9209-45B0-9C91-C99788817755}.Debug|x86.ActiveCfg = Debug|Win32
		{4D35E791-9209-45B0-9C91-C99788817755}.Debug|x86.Build.0 = Debug|Win32
		{4D35E791-9209-45B0-9C91-C99788817755}.Release|x64.ActiveCfg = Release|x64
		{4D35E791-9209-45B0-9C91-C99788817755}.Release|x64.Build.0 = Release|x64
		{4D35E791-9209-45B0-9C91-C99788817755}.Release|x86.ActiveCfg = Release|Win32
		{4D35E791-9209-45B0-9C91-C99788817755}.Release|x86.Build.0 = Release|Win32
		{8CEAE567-A24E-4E25-AB90-EE9663C3E136}.Debug|x64.ActiveCfg = Debug|x64
		{8CEAE567-A24E-4E25-AB90-EE9663C3E136}.Debug|x64.Build.0 = Debug|x64
		{8CEAE567-A24E-4E25-AB90-EE9663C3E136}.Debug|x86.ActiveCfg = Debug|Win32
		{8CEAE567-A24E-4E25-AB90-EE9663C3E136}.Debug|x86.Build.0 = Debug|Win32
		{8CEAE567-A24E-4E25-AB90-EE9663C3E136}.Release|x64.ActiveCfg = Release|x64
		{8CEAE567-A24E-4E25-AB90-EE9663C3E136}.Release|x64.Build.0 = Release|x64
		{8CEAE567-A24E-4E25-AB90-EE9663C3E136}.Release|x86.ActiveCfg = Release|Win32
		{8CEAE567-A24E-4E25-AB90-EE9663C3E136}.Release|x86.Build.0 = Release|Win32
		{2EC2442B-5ED8-4E95-BDCB-6B81B75704F0}.Debug|x64.ActiveCfg = Debug|x64
		{2EC2442B-5ED8-4E95-BDCB-6B81B75704F0}.Debug|x64.Build.0 = Debug|x64
		{2EC2442B-5ED8-4E95-BDCB-6B81B75704F0}.Debug|x86.ActiveCfg = Debug|Win32
		{2EC2442B-5ED8-4E95-BDCB-6B81B75704F0}.Debug|x86.Build.0 = Debug|Win32
		{2EC2442B-5ED8-4E95-BDCB-6B81B75704F0}.Release|x64.ActiveCfg = Release|x64
		{2EC2442B-5ED8-4E95-BDCB-6B81B75704F0}.Release|x64.Build.0 = Release|x64
		{2EC2442B-5ED8-4E95-BDCB-6B81B75704F0}.Release|x86.ActiveCfg = Release|Win32
		{2EC2442B-5ED8-4E95-BDCB-6B81B75704F0}.Release|x86.Build.0 = Release|Win32
		{56022C37-D459-4B94-8BD0-F80E8F48C500}.Debug|x64.ActiveCfg = Debug|x64
		{56022C37-D459-4B94-8BD0-F80E8F48C500}.Debug|x64.Build.0 = Debug|x64
		{56022C37-D459-4B94-8BD0-F80E8F48C500}.Debug|x86.ActiveCfg = Debug|Win32
		{56022C37-D459-4B94-8BD0-F80E8F48C500}.Debug|x86.Build.0 = Debug|Win32
		{56022C37-D459-4B94-8BD0-F80E8F48C500}.Release|x64.ActiveCfg = Release|x64
		{56022C37-D459-4B94-8BD0-F80E8F48C500}.Release|x64.Build.0 = Release|x64
		{56022C37-D459-4B94-8BD0-F80E8F48C500}.Release|x86.ActiveCfg = Release|Win32
		{56022C37-D459-4B94-8BD0-F80E8F48C500}.Release|x86.Build.0 = Release|Win32
		{72609001-C098-42E2-8D71-00DB4EE937FF}.Debug|x64.ActiveCfg = Debug|x64
		{72609001-C098-42E2-8D71-00DB4EE937FF}.Debug|x64.Build.0 = Debug|x64
		{72609001-C098-42E2-8D71-00DB4EE937FF}.Debug|x86.ActiveCfg = Debug|Win32
		{72609001-C098-42E2-8D71-00DB4EE937FF}.Debug|x86.Build.0 = Debug|Win32
		{72609001-C098-42E2-8D71-00DB4EE937FF}.Release|x64.ActiveCfg = Release|x64
		{72609001-C098-42E2-8D71-00DB4EE937FF}.Release|x64.Build.0 = Release|x64
		{72609001-C098-42E2-8D71-00DB4EE937FF}.Release|x86.ActiveCfg = Release|Win32
		{72609001-C098-42E2-8D71-00DB4EE937FF}.Release|x86.Build.0 = Release|Win32
		{DE7F5B84-8CEE-4633-AD92-389B3FADAA51}.Debug|x64.ActiveCfg = Debug|x64
		{DE7F5B84-8CEE-4633-AD92-389B3FADAA51}.Debug|x64.Build.0 = Debug|x64
		{DE7F5B84-8CEE-4633-AD92-389B3FADAA51}.Debug|x86.ActiveCfg = Debug|Win32
		{DE7F5B84-8CEE-4633-AD92-389B3FADAA51}.Debug|x86.Build.0 = Debug|Win32
		{DE7F5B84-8CEE-4633-AD92-389B3FADAA51}.Release|x64.ActiveCfg = Release|x64
		{DE7F5B84-8CEE-4633-AD92-389B3FADAA51}.Release|x64.Build.0 = Release|x64
		{DE7F5B84-8CEE-4633-AD92-389B3FADAA51}.Release|x86.ActiveCfg = Release|Win32
		{DE7F5B84-8CEE-4633-AD92-389B3FADAA51}.Release|x86.Build.0 = Release|Win32
		{67F7952F-161B-4F80-BE00-903B17411C01}.Debug|x64.ActiveCfg = Debug|x64
		{67F7952F-161B-4F80-BE00-903B17411C01}.Debug|x64.Build.0 = Debug|x64
		{67F7952F-161B-4F80-BE00-903B17411C01}.Debug|x86.ActiveCfg = Debug|Win32
		{67F7952F-161B-4F80-BE00-903B17411C01}.Debug|x86.Build.0 = Debug|Win32
		{67F7952F-161B-4F80-BE00-903B17411C01}.Release|x64.ActiveCfg = Release|x64
		{67F7952F-161B-4F80-BE00-903B17411C01}.Release|x64.Build.0 = Release|x64
		{67F7952F-161B-4F80-BE00-903B17411C01}.Release|x86.ActiveCfg = Release|Win32
		{67F7952F-161B-4F80-BE00-903B17411C01}.Release|x86.Build.0 = Release|Win32
		{E445F434-391F-4863-9D40-AE3B8063F39F}.Debug|x64.ActiveCfg = Debug|x64
		{E445F434-391F-4863-9D40-AE3B8063F39F}.Debug|x64.Build.0 = Debug|x64
		{E445F434-391F-4863-9D40-AE3B8063F39F}.Debug|x86.ActiveCfg = Debug|Win32
		{E445F434-391F-4863-9D40-AE3B8063F39F}.Debug|x86.Build.0 = Debug|Win32
		{E445F434-391F-4863-9D40-AE3B8063F39F}.Release|x64.ActiveCfg = Release|x64
		{E445F434-391F-4863-9D40-AE3B8063F39F}.Release|x64.Build.0 = Release|x64
		{E445F434-391F-4863-9D40-AE3B8063F39F}.Release|x86.ActiveCfg = Release|Win32
		{E445F434-391F-4863-9D40-AE3B8063F39F}.Release|x86.Build.0 = Release|Win32
		{CF3965B7-85F7-4D1F-9410-75E813F56F8A}.Debug|x64.ActiveCfg = Debug|x64
		{CF3965B7-85F7-4D1F-9410-75E813F56F8A}.Debug|x64.Build.0 = Debug|x64
		{CF3965B7-85F7-4D1F-9410-75E813F56F8A}.Debug|x86.ActiveCfg = Debug|Win32
		{CF3965B7-85F7-4D1F-9410-75E813F56F8A}.Debug|x86.Build.0 = Debug|Win32
		{CF3965B7-85F7-4D1F-9410-75E813F56F8A}.Release|x64.ActiveCfg = Release|x64
		{CF3965B7-85F7-4D1F-9410-75E813F56F8A}.Release|x64.Build.0 = Release|x64
		{CF3965B7-85F7-4D1F-9410-75E813F56F8A}.Release|x86.ActiveCfg = Release|Win32
		{CF3965B7-85F7-4D1F-9410-75E813F56F8A}.Release|x86.Build.0 = Release|Win32
		{9BA6D294-E924-45AD-B982-D5ABAB7929F3}.Debug|x64.ActiveCfg = Debug|x64
		{9BA6D294-E924-45AD-B982-D5ABAB7929F3}.Debug|x64.Build.0 = Debug|x64
		{9BA6D294-E924-45AD-B982-D5ABAB7929F3}.Debug|x86.ActiveCfg = Debug|Win32
		{9BA6D294-E924-45AD-B982-D5ABAB7929F3}.Debug|x86.Build.0 = Debug|Win32
		{9BA6D294-E924-45AD-B982-D5ABAB7929F3}.Release|x64.ActiveCfg = Release|x64
		{9BA6D294-E924-45AD-B982-D5ABAB7929F3}.Release|x64.Build.0 = Release|x64
		{9BA6D294-E924-45AD-B982-D5ABAB7929F3}.Release|x86.ActiveCfg = Release|Win32
		{9BA6D294-E924-45AD-B982-D5ABAB7929F3}.Release|x86.Build.0 = Release|Win32
		{7804055E-F55C-4AB6-8EB2-AF77DEA79BD9}.Debug|x64.ActiveCfg = Debug|x64
		{7804055E-F55C-4AB6-8EB2-AF77DEA79BD9}.Debug|x64.Build.0 = Debug|x64
		{7804055E-F55C-4AB6-8EB2-AF77DEA79BD9}.Debug|x86.ActiveCfg = Debug|Win32
		{7804055E-F55C-4AB6-8EB2-AF77DEA79BD9}.Debug|x86.Build.0 = Debug|Win32
		{7804055E-F55C-4AB6-8EB2-AF77DEA79BD9}.Release|x64.ActiveCfg = Release|x64
		{7804055E-F55C-4AB6-8EB2-AF77DEA79BD9}.Release|x64.Build.0 = Release|x64
		{7804055E-F55C-4AB6-8EB2-AF77DEA79BD9}.Release|x86.ActiveCfg = Release|Win32
		{7804055E-F55C-4AB6-8EB2-AF77DEA79BD9}.Release|x86.Build.0 = Release|Win32
		{94D5E53F-8060-4E39-AAA4-30060FB61552}.Debug|x64.ActiveCfg = Debug|x64
		{94D5E53F-8060-4E39-AAA4-30060FB61552}.Debug|x64.Build.0 = Debug|x64
		{94D5E53F-8060-4E39-AAA4-30060FB61552}.Debug|x86.ActiveCfg = Debug|Win32
		{94D5E53F-8060-4E39-AAA4-30060FB61552}.Debug|x86.Build.0 = Debug|Win32
		{94D5E53F-8060-4E39-AAA4-30060FB61552}.Release|x64.ActiveCfg = Release|x64
		{94D5E53F-8060-4E39-AAA4-30060FB61552}.Release|x64.Build.0 = Release|x64
		{94D5E53F-8060-4E39-AAA4-30060FB61552}.Release|x86.ActiveCfg = Release|Win32
		{94D5E53F-8060-4E39-AAA4-30060FB61552}.Release|x86.Build.0 = Release|Win32
		{6193E951-FE98-4138-A800-364FE429EC33}.Debug|x64.ActiveCfg = Debug|x64
		{6193E951-FE98-4138-A800-364FE429EC33}.Debug|x64.Build.0 = Debug|x64
		{6193E951-FE98-4138-A800-364FE429EC33}.Debug|x86.ActiveCfg = Debug|Win32
		{6193E951-FE98-4138-A800-364FE429EC33}.Debug|x86.Build.0 = Debug|Win32
		{6193E951-FE98-4138-A800-364FE429EC33}.Release|x64.ActiveCfg = Release|x64
		{6193E951-FE98-4138-A800-364FE429EC33}.Release|x64.Build.0 = Release|x64
		{6193E951-FE98-4138-A800-364FE429EC33}.Release|x86.ActiveCfg = Release|Win32
		{6193E951-FE98-4138-A800-364FE429EC33}.Release|x86.Build.0 = Release|Win32
		{20A601F9-020B-422B-AB2A-50B7CFED08F8}.Debug|x64.ActiveCfg = Debug|x64
		{20A601F9-020B-422B-AB2A-50B7CFED08F8}.Debug|x64.Build.0 = Debug|x64
		{20A601F9-020B-422B-AB2A-50B7CFED08F8}.Debug|x86.ActiveCfg = Debug|Win32
		{20A601F9-020B-422B-AB2A-50B7CFED08F8}.Debug|x86.Build.0 = Debug|Win32
		{20A601F9-020B-422B-AB2A-50B7CFED08F8}.Release|x64.ActiveCfg = Release|x64
		{20A601F9-020B-422B-AB2A-50B7CFED08F8}.Release|x64.Build.0 = Release|x64
		{20A601F9-020B-422B-AB2A-50B7CFED08F8}.Release|x86.ActiveCfg = Release|Win32
		{20A601F9-020B-422B-AB2A-50B7CFED08F8}.Release|x86.Build.0 = Release|Win32
		{53EFED1F-CCE7-4A3A-8AD9-AAAA21D888F6}.Debug|x64.ActiveCfg = Debug|x64
		{53EFED1F-CCE7-4A3A-8AD9-AAAA21D888F6}.Debug|x64.Build.0 = Debug|x64
		{53EFED1F-CCE7-4A3A-8AD9-AAAA21D888F6}.Debug|x86.ActiveCfg = Debug|Win32
		{53EFED1F-CCE7-4A3A-8AD9-AAAA21D888F6}.Debug|x86.Build.0 = Debug|Win32
		{53EFED1F-CCE7-4A3A-8AD9-AAAA21D888F6}.Release|x64.ActiveCfg = Release|x64
		{53EFED1F-CCE7-4A3A-8AD9-AAAA21D888F6}.Release|x64.Build.0 = Release|x64
		{53EFED1F-CCE7-4A3A-8AD9-AAAA21D888F6}.Release|x86.ActiveCfg = Release|Win32
		{53EFED1F-CCE7-4A3A-8AD9-AAAA21D888F6}.Release|x86.Build.0 = Release|Win32
		{BB32DA43-F8F6-46A6-86BC-7B201F930BB6}.Debug|x64.ActiveCfg = Debug|x64
		{BB32DA43-F8F6-46A6-86BC-7B201F930BB6}.Debug|x64.Build.0 = Debug|x64
		{BB32DA43-F8F6-46A6-86BC-7B201F930BB6}.Debug|x86.ActiveCfg = Debug|Win32
		{BB32DA43-F8F6-46A6-86BC-7B201F930BB6}.Debug|x86.Build.0 = Debug|Win32
		{BB32DA43-F8F6-46A6-86BC-7B201F930BB6}.Release|x64.ActiveCfg = Release|x64
		{BB32DA43-F8F6-46A6-86BC-7B201F930BB6}.Release|x64.Build.0 = Release|x64
		{BB32DA43-F8F6-46A6-86BC-7B201F930BB6}.Release|x86.ActiveCfg = Release|Win32
		{BB32DA43-F8F6-46A6-86BC-7B201F930BB6}.Release|x86.Build.0 = Release|Win32
		{6E5B6E92-929E-4C5E-B0E9-41D96E637EA8}.Debug|x64.ActiveCfg = Debug|x64
		{6E5B6E92-929E-4C5E-B0E9-41D96E637EA8}.Debug|x64.Build.0 = Debug|x64
		{6E5B6E92-929E-4C5E-B0E9-41D96E637EA8}.Debug|x86.ActiveCfg = Debug|Win32
		{6E5B6E92-929E-4C5E-B0E9-41D96E637EA8}.Debug|x86.Build.0 = Debug|Win32
		{6E5B6E92-929E-4C5E-B0E9-41D96E637EA8}.Release|x64.ActiveCfg = Release|x64
		{6E5B6E92-929E-4C5E-B0E9-41D96E637EA8}.Release|x64.Build.0 = Release|x64
		{6E5B6E92-929E-4C5E-B0E9-41D96E637EA8}.Release|x86.ActiveCfg = Release|Win32
		{6E5B6E92-929E-4C5E-B0E9-41D96E637EA8}.Release|x86.Build.0 = Release|Win32
		{19C455C9-96D5-4453-A7B3-8C81F3D4DD52}.Debug|x64.ActiveCfg = Debug|x64
		{19C455C9-96D5-4453-A7B3-8C81F3D4DD52}.Debug|x64.Build.0 = Debug|x64
		{19C455C9-96D5-4453-A7B3-8C81F3D4DD52}.Debug|x86.ActiveCfg = Debug|Win32
		{19C455C9-96D5-4453-A7B3-8C81F3D4DD52}.Debug|x86.Build.0 = Debug|Win32
		{19C455C9-96D5-4453-A7B3-8C81F3D4DD52}.Release|x64.ActiveCfg = Release|x64
		{19C455C9-96D5-4453-A7B3-8C81F3D4DD52}.Release|x64.Build.0 = Release|x64
		{19C455C9-96D5-4453-A7B3-8C81F3D4DD52}.Release|x86.ActiveCfg = Release|Win32
		{19C455C9-96D5-4453-A7B3-8C81F3D4DD52}.Release|x86.Build.0 = Release|Win32
		{800618FB-A915-43E3-8909-628CF6E20D13}.Debug|x64.ActiveCfg = Debug|x64
		{800618FB-A915-43E3-8909-628CF6E20D13}.Debug|x64.Build.0 = Debug|x64
		{800618FB-A915-43E3-8909-628CF6E20D13}.Debug|x86.ActiveCfg = Debug|Win32
		{800618FB-A915-43E3-8909-628CF6E20D13}.Debug|x86.Build.0 = Debug|Win32
		{800618FB-A915-43E3-8909-628CF6E20D13}.Release|x64.ActiveCfg = Release|x64
		{800618FB-A915-43E3-8909-628CF6E20D13}.Release|x64.Build.0 = Release|x64
		{800618FB-A915-43E3-8909-628CF6E20D13}.Release|x86.ActiveCfg = Release|Win32
		{800618FB-A915-43E3-8909-628CF6E20D13}.Release|x86.Build.0 = Release|Win32
		{5F296A23-BDA2-4020-A903-CE70AD0592B6}.Debug|x64.ActiveCfg = Debug|x64
		{5F296A23-BDA2-4020-A903-CE70AD0592B6}.Debug|x64.Build.0 = Debug|x64
		{5F296A23-BDA2-4020-A903-CE70AD0592B6}.Debug|x86.ActiveCfg = Debug|Win32
		{5F296A23-BDA2-4020-A903-CE70AD0592B6}.Debug|x86.Build.0 = Debug|Win32
		{5F296A23-BDA2-4020-A903-CE70AD0592B6}.Release|x64.ActiveCfg = Release|x64
		{5F296A23-BDA2-4020-A903-CE70AD0592B6}.Release|x64.Build.0 = Release|x64
		{5F296A23-BDA2-4020-A903-CE70AD0592B6}.Release|x86.ActiveCfg = Release|Win32
		{5F296A23-BDA2-4020-A903-CE70AD0592B6}.Release|x86.Build.0 = Release|Win32
		{575A7BB5-D575-4CFE-9C0D-2C386BB2B5C4}.Debug|x64.ActiveCfg = Debug|x64
		{575A7BB5-D575-4CFE-9C0D-2C386BB2B5C4}.Debug|x64.Build.0 = Debug|x64
		{575A7BB5-D575-4CFE-9C0D-2C386BB2B5C4}.Debug|x86.ActiveCfg = Debug|Win32
		{575A7BB5-D575-4CFE-9C0D-2C386BB2B5C4}.Debug|x86.Build.0 = Debug|Win32
		{575A7BB5-D575-4CFE-9C0D-2C386BB2B5C4}.Release|x64.ActiveCfg = Release|x64
		{575A7BB5-D575-4CFE-9C0D-2C386BB2B5C4}.Release|x64.Build.0 = Release|x64
		{575A7BB5-D575-4CFE-9C0D-2C386BB2B5C4}.Release|x86.ActiveCfg = Release|Win32
		{575A7BB5-D575-4CFE-9C0D-2C386BB2B5C4}.Release|x86.Build.0 = Release|Win32
		{D0434DB6-DCFC-42C8-9B7E-A4B68F6CF889}.Debug|x64.ActiveCfg = Debug|x64
		{D0434DB6-DCFC-42C8-9B7E-A4B68F6CF889}.Debug|x64.Build.0 = Debug|x64
		{D0434DB6-DCFC-42C8-9B7E-A4B68F6CF889}.Debug|x86.ActiveCfg = Debug|Win32
		{D0434DB6-DCFC-42C8-9B7E-A4B68F6CF889}.Debug|x86.Build.0 = Debug|Win32
		{D0434DB6-DCFC-42C8-9B7E-A4B68F6CF889}.Release|x64.ActiveCfg = Release|x64
		{D0434DB6-DCFC-42C8-9B7E-A4B68F6CF889}.Release|x64.Build.0 = Release|x64
		{D0434DB6-DCFC-42C8-9B7E-A4B68F6CF889}.Release|x86.ActiveCfg = Release|Win32
		{D0434DB6-DCFC-42C8-9B7E-A4B68F6CF889}.Release|x86.Build.0 = Release|Win32
		{D4B91B5E-C2EE-4C7A-BA38-9CE5E29171D7}.Debug|x64.ActiveCfg = Debug|x64
		{D4B91B5E-C2EE-4C7A-BA38-9CE5E29171D7}.Debug|x64.Build.0 = Debug|x64
		{D4B91B5E-C2EE-4C7A-BA38-9CE5E29171D7}.Debug|x86.ActiveCfg = Debug|Win32
		{D4B91B5E-C2EE-4C7A-BA38-9CE5E29171D7}.Debug|x86.Build.0 = Debug|Win32
		{D4B91B5E-C2EE-4C7A-BA38-9CE5E29171D7}.Release|x64.ActiveCfg = Release|x64
		{D4B91B5E-C2EE-4C7A-BA38-9CE5E29171D7}.Release|x64.Build.0 = Release|x64
		{D4B91B5E-C2EE-4C7A-BA38-9CE5E29171D7}.Release|x86.ActiveCfg = Release|Win32
		{D4B91B5E-C2EE-4C7A-BA38-9CE5E29171D7}.Release|x86.Build.0 = Release|Win32
		{C5862D50-B3BF-4FC7-B041-DF783CB2D103}.Debug|x64.ActiveCfg = Debug|x64
		{C5862D50-B3BF-4FC7-B041-DF783CB2D103}.Debug|x64.Build.0 = Debug|x64
		{C5862D50-B3BF-4FC7-B041-DF783CB2D103}.Debug|x86.ActiveCfg = Debug|Win32
		{C5862D50-B3BF-4FC7-B041-DF783CB2D103}.Debug|x86.Build.0 = Debug|Win32
		{C5862D50-B3BF-4FC7-B041-DF783CB2D103}.Release|x64.ActiveCfg = Release|x64
		{C5862D50-B3BF-4FC7-B041-DF783CB2D103}.Release|x64.Build.0 = Release|x64
		{C5862D50-B3BF-4FC7-B041-DF783CB2D103}.Release|x86.ActiveCfg = Release|Win32
		{C5862D50-B3BF-4FC7-B041-DF783CB2D103}.Release|x86.Build.0 = Release|Win32
		{1369B4E6-0E52-43DF-821F-4CE9D41FE94B}.Debug|x64.ActiveCfg = Debug|x64
		{1369B4E6-0E52-43DF-821F-4CE9D41FE94B}.Debug|x64.Build.0 = Debug|x64
		{1369B4E6-0E52-43DF-821F-4CE9D41FE94B}.Debug|x86.ActiveCfg = Debug|Win32
		{1369B4E6-0E52-43DF-821F-4CE9D41FE94B}.Debug|x86.Build.0 = Debug|Win32
		{1369B4E6-0E52-43DF-821F-4CE9D41FE94B}.Release|x64.ActiveCfg = Release|x64
		{1369B4E6-0E52-43DF-821F-4CE9D41FE94B}.Release|x64.Build.0 = Release|x64
		{1369B4E6-0E52-43DF-821F-4CE9D41FE94B}.Release|x86.ActiveCfg = Release|Win32
		{1369B4E6-0E52-43DF-821F-4CE9D41FE94B}.Release|x86.Build.0 = Release|Win32
		{022C41D9-B492-482A-B795-38A7F940258F}.Debug|x64.ActiveCfg = Debug|x64
		{022C41D9-B492-482A-B795-38A7F940258F}.Debug|x64.Build.0 = Debug|x64
		{022C41D9-B492-482A-B795-38A7F940258F}.Debug|x86.ActiveCfg = Debug|Win32
		{022C41D9-B492-482A-B795-38A7F940258F}.Debug|x86.Build.0 = Debug|Win32
		{022C41D9-B492-482A-B795-38A7F940258F}.Release|x64.ActiveCfg = Release|x64
		{022C41D9-B492-482A-B795-38A7F940258F}.Release|x64.Build.0 = Release|x64
		{022C41D9-B492-482A-B795-38A7F940258F}.Release|x86.ActiveCfg = Release|Win32
		{022C41D9-B492-482A-B795-38A7F940258F}.Release|x86.Build.0 = Release|Win32
		{BC8F3695-286A-49D6-B88D-983B24F1A80E}.Debug|x64.ActiveCfg = Debug|x64
		{BC8F3695-286A-49D6-B88D-983B24F1A80E}.Debug|x64.Build.0 = Debug|x64
		{BC8F3695-286A-49D6-B88D-983B24F1A80E}.Debug|x86.ActiveCfg = Debug|Win32
		{BC8F3695-286A-49D6-B88D-983B24F1A80E}.Debug|x86.Build.0 = Debug|Win32
		{BC8F3695-286A-49D6-B88D-983B24F1A80E}.Release|x64.ActiveCfg = Release|x64
		{BC8F3695-286A-49D6-B88D-983B24F1A80E}.Release|x64.Build.0 = Release|x64
		{BC8F3695-286A-49D6-B88D-983B24F1A80E}.Release|x86.ActiveCfg = Release|Win32
		{BC8F3695-286A-49D6-B88D-983B24F1A80E}.Release|x86.Build.0 = Release|Win32
		{5E08B10F-4ADB-4A6F-B719-A4F2F27DE674}.Debug|x64.ActiveCfg = Debug|x64
		{5E08B10F-4ADB-4A6F-B719-A4F2F27DE674}.Debug|x64.Build.0 = Debug|x64
		{5E08B10F-4ADB-4A6F-B719-A4F2F27DE674}.Debug|x86.ActiveCfg = Debug|Win32
		{5E08B10F-4ADB-4A6F-B719-A4F2F27DE674}.Debug|x86.Build.0 = Debug|Win32
		{5E08B10F-4ADB-4A6F-B719-A4F2F27DE674}.Release|x64.ActiveCfg = Release|x64
		{5E08B10F-4ADB-4A6F-B719-A4F2F27DE674}.Release|x64.Build.0 = Release|x64
		{5E08B10F-4ADB-4A6F-B719-A4F2F27DE674}.Release|x86.ActiveCfg = Release|Win32
		{5E08B10F-4ADB-4A6F-B719-A4F2F27DE674}.Release|x86.Build.0 = Release|Win32
		{4682AC2A-337C-48D6-84AB-ECBFB192583A}.Debug|x64.ActiveCfg = Debug|x64
		{4682AC2A-337C-48D6-84AB-ECBFB192583A}.Debug|x64.Build.0 = Debug|x64
		{4682AC2A-337C-48D6-84AB-ECBFB192583A}.Debug|x86.ActiveCfg = Debug|Win32
		{4682AC2A-337C-48D6-84AB-ECBFB192583A}.Debug|x86.Build.0 = Debug|Win32
		{4682AC2A-337C-48D6-84AB-ECBFB192583A}.Release|x64.ActiveCfg = Release|x64
		{4682AC2A-337C-48D6-84AB-ECBFB192583A}.Release|x64.Build.0 = Release|x64
		{4682AC2A-337C-48D6-84AB-ECBFB192583A}.Release|x86.ActiveCfg = Release|Win32
		{4682AC2A-337C-48D6-84AB-ECBFB192583A}.Release|x86.Build.0 = Release|Win32
		{25C1D96E-6728-44AF-876F-ECFD6E5A199F}.Debug|x64.ActiveCfg = Debug|x64
		{25C1D96E-6728-44AF-876F-ECFD6E5A199F}.Debug|x64.Build.0 = Debug|x64
		{25C1D96E-6728-44AF-876F-ECFD6E5A199F}.Debug|x86.ActiveCfg = Debug|Win32
		{25C1D96E-6728-44AF-876F-ECFD6E5A199F}.Debug|x86.Build.0 = Debug|Win32
		{25C1D96E-6728-44AF-876F-ECFD6E5A199F}.Release|x64.ActiveCfg = Release|x64
		{25C1D96E-6728-44AF-876F-ECFD6E5A199F}.Release|x64.Build.0 = Release|x64
		{25C1D96E-6728-44AF-876F-ECFD6E5A199F}.Release|x86.ActiveCfg = Release|Win32
		{25C1D96E-6728-44AF-876F-ECFD6E5A199F}.Release|x86.Build.0 = Release|Win32
		{61FC4356-0950-424D-B547-7F38C971BB50}.Debug|x64.ActiveCfg = Debug|x64
		{61FC4356-0950-424D-B547-7F38C971BB50}.Debug|x64.Build.0 = Debug|x64
		{61FC4356-0950-424D-B547-7F38C971BB50}.Debug|x86.ActiveCfg = Debug|Win32
		{61FC4356-0950-424D-B547-7F38C971BB50}.Debug|x86.Build.0 = Debug|Win32
		{61FC4356-0950-424D-B547-7F38C971BB50}.Release|x64.ActiveCfg = Release|x64
		{61FC4356-0950-424D-B547-7F38C971BB50}.Release|x64.Build.0 = Release|x64
		{61FC4356-0950-424D-B547-7F38C971BB50}.Release|x86.ActiveCfg = Release|Win32
		{61FC4356-0950-424D-B547-7F38C971BB50}.Release|x86.Build.0 = Release|Win32
		{B0C2E177-DBF9-43D6-B485-52B0468EA3E1}.Debug|x64.ActiveCfg = Debug|x64
		{B0C2E177-DBF9-43D6-B485-52B0468EA3E1}.Debug|x64.Build.0 = Debug|x64
		{B0C2E177-DBF9-43D6-B485-52B0468EA3E1}.Debug|x86.ActiveCfg = Debug|Win32
		{B0C2E177-DBF9-43D6-B485-52B0468EA3E1}.Debug|x86.Build.0 = Debug|Win32
		{B0C2E177-DBF9-43D6-B485-52B0468EA3E1}.Release|x64.ActiveCfg = Release|x64
		{B0C2E177-DBF9-43D6-B485-52B0468EA3E1}.Release|x64.Build.0 = Release|x64
		{B0C2E177-DBF9-43D6-B485-52B0468EA3E1}.Release|x86.ActiveCfg = Release|Win32
		{B0C2E177-DBF9-43D6-B485-52B0468EA3E1}.Release|x86.Build.0 = Release|Win32
		{604605C7-3A63-4F91-995B-9A81295CDF5A}.Debug|x64.ActiveCfg = Debug|x64
		{604605C7-3A63-4F91-995B-9A81295CDF5A}.Debug|x64.Build.0 = Debug|x64
		{604605C7-3A63-4F91-995B-9A81295CDF5A}.Debug|x86.ActiveCfg = Debug|Win32
		{604605C7-3A63-4F91-995B-9A81295CDF5A}.Debug|x86.Build.0 = Debug|Win32
		{604605C7-3A63-4F91-995B-9A81295CDF5A}.Release|x64.ActiveCfg = Release|x64
		{604605C7-3A63-4F91-995B-9A81295CDF5A}.Release|x64.Build.0 = Release|x64
		{604605C7-3A63-4F91-995B-9A81295CDF5A}.Release|x86.ActiveCfg = Release|Win32
		{604605C7-3A63-4F91-995B-9A81295CDF5A}.Release|x86.Build.0 = Release|Win32
		{2ACA92EE-C875-4082-B11E-2F80A9AB74E1}.Debug|x64.ActiveCfg = Debug|x64
		{2ACA92EE-C875-4082-B11E-2F80A9AB74E1}.Debug|x64.Build.0 = Debug|x64
		{2ACA92EE-C875-4082-B11E-2F80A9AB74E1}.Debug|x86.ActiveCfg = Debug|Win32
		{2ACA92EE-C875-4082-B11E-2F80A9AB74E1}.Debug|x86.Build.0 = Debug|Win32
		{2ACA92EE-C875-4082-B11E-2F80A9AB74E1}.Release|x64.ActiveCfg = Release|x64
		{2ACA92EE-C875-4082-B11E-2F80A9AB74E1}.Release|x64.Build.0 = Release|x64
		{2ACA92EE-C875-4082-B11E-2F80A9AB74E1}.Release|x86.ActiveCfg = Release|Win32
		{2ACA92EE-C875-4082-B11E-2F80A9AB74E1}.Release|x86.Build.0 = Release|Win32
		{DF2C0556-67ED-4FA3-AF71-8298778098E6}.Debug|x64.ActiveCfg = Debug|x64
		{DF2C0556-67ED-4FA3-AF71-8298778098E6}.Debug|x64.Build.0 = Debug|x64
		{DF2C0556-67ED-4FA3-AF71-8298778098E6}.Debug|x86.ActiveCfg = Debug|Win32
		{DF2C0556-67ED-4FA3-AF71-8298778098E6}.Debug|x86.Build.0 = Debug|Win32
		{DF2C0556-67ED-4FA3-AF71-8298778098E6}.Release|x64.ActiveCfg = Release|x64
		{DF2C0556-67ED-4FA3-AF71-8298778098E6}.Release|x64.Build.0 = Release|x64
		{DF2C0556-67ED-4FA3-AF71-8298778098E6}.Release|x86.ActiveCfg = Release|Win32
		{DF2C0556-67ED-4FA3-AF71-8298778098E6}.Release|x86.Build.0 = Release|Win32
	EndGlobalSection
	GlobalSection(SolutionProperties) = preSolution
		HideSolutionNode = FALSE
	EndGlobalSection
	GlobalSection(NestedProjects) = preSolution
		{4BC6D064-B2E7-415B-9D97-0B68CF98BF29} = {695193BB-8964-4380-88E3-8CADC7C1A3AC}
		{063F45C8-9BEE-4909-97C1-B662299A3777} = {695193BB-8964-4380-88E3-8CADC7C1A3AC}
		{56022C37-D459-4B94-8BD0-F80E8F48C500} = {695193BB-8964-4380-88E3-8CADC7C1A3AC}
		{72609001-C098-42E2-8D71-00DB4EE937FF} = {695193BB-8964-4380-88E3-8CADC7C1A3AC}
		{DE7F5B84-8CEE-4633-AD92-389B3FADAA51} = {695193BB-8964-4380-88E3-8CADC7C1A3AC}
		{67F7952F-161B-4F80-BE00-903B17411C01} = {695193BB-8964-4380-88E3-8CADC7C1A3AC}
		{E445F434-391F-4863-9D40-AE3B8063F39F} = {695193BB-8964-4380-88E3-8CADC7C1A3AC}
		{CF3965B7-85F7-4D1F-9410-75E813F56F8A} = {695193BB-8964-4380-88E3-8CADC7C1A3AC}
		{9BA6D294-E924-45AD-B982-D5ABAB7929F3} = {695193BB-8964-4380-88E3-8CADC7C1A3AC}
		{7804055E-F55C-4AB6-8EB2-AF77DEA79BD9} = {695193BB-8964-4380-88E3-8CADC7C1A3AC}
		{94D5E53F-8060-4E39-AAA4-30060FB61552} = {695193BB-8964-4380-88E3-8CADC7C1A3AC}
		{6193E951-FE98-4138-A800-364FE429EC33} = {695193BB-8964-4380-88E3-8CADC7C1A3AC}
		{20A601F9-020B-422B-AB2A-50B7CFED08F8} = {695193BB-8964-4380-88E3-8CADC7C1A3AC}
		{53EFED1F-CCE7-4A3A-8AD9-AAAA21D888F6} = {695193BB-8964-4380-88E3-8CADC7C1A3AC}
		{BB32DA43-F8F6-46A6-86BC-7B201F930BB6} = {695193BB-8964-4380-88E3-8CADC7C1A3AC}
		{6E5B6E92-929E-4C5E-B0E9-41D96E637EA8} = {695193BB-8964-4380-88E3-8CADC7C1A3AC}
		{19C455C9-96D5-4453-A7B3-8C81F3D4DD52} = {695193BB-8964-4380-88E3-8CADC7C1A3AC}
		{800618FB-A915-43E3-8909-628CF6E20D13} = {695193BB-8964-4380-88E3-8CADC7C1A3AC}
		{5F296A23-BDA2-4020-A903-CE70AD0592B6} = {695193BB-8964-4380-88E3-8CADC7C1A3AC}
		{575A7BB5-D575-4CFE-9C0D-2C386BB2B5C4} = {695193BB-8964-4380-88E3-8CADC7C1A3AC}
		{D0434DB6-DCFC-42C8-9B7E-A4B68F6CF889} = {695193BB-8964-4380-88E3-8CADC7C1A3AC}
		{D4B91B5E-C2EE-4C7A-BA38-9CE5E29171D7} = {695193BB-8964-4380-88E3-8CADC7C1A3AC}
		{C5862D50-B3BF-4FC7-B041-DF783CB2D103} = {695193BB-8964-4380-88E3-8CADC7C1A3AC}
		{1369B4E6-0E52-43DF-821F-4CE9D41FE94B} = {695193BB-8964-4380-88E3-8CADC7C1A3AC}
		{022C41D9-B492-482A-B795-38A7F940258F} = {695193BB-8964-4380-88E3-8CADC7C1A3AC}
		{BC8F3695-286A-49D6-B88D-983B24F1A80E} = {695193BB-8964-4380-88E3-8CADC7C1A3AC}
		{5E08B10F-4ADB-4A6F-B719-A4F2F27DE674} = {695193BB-8964-4380-88E3-8CADC7C1A3AC}
		{4682AC2A-337C-48D6-84AB-ECBFB192583A} = {695193BB-8964-4380-88E3-8CADC7C1A3AC}
		{25C1D96E-6728-44AF-876F-ECFD6E5A199F} = {695193BB-8964-4380-88E3-8CADC7C1A3AC}
		{61FC4356-0950-424D-B547-7F38C971BB50} = {695193BB-8964-4380-88E3-8CADC7C1A3AC}
		{B0C2E177-DBF9-43D6-B485-52B0468EA3E1} = {695193BB-8964-4380-88E3-8CADC7C1A3AC}
		{604605C7-3A63-4F91-995B-9A81295CDF5A} = {695193BB-8964-4380-88E3-8CADC7C1A3AC}
		{2ACA92EE-C875-4082-B11E-2F80A9AB74E1} = {9B6CE2B1-4EA7-4BEC-971C-4BF26F328241}
		{DF2C0556-67ED-4FA3-AF71-8298778098E6} = {695193BB-8964-4380-88E3-8CADC7C1A3AC}
	EndGlobalSection
EndGlobal
