<?xml version="1.0" encoding="utf-8"?>
<Project ToolsVersion="4.0" xmlns="http://schemas.microsoft.com/developer/msbuild/2003">
  <ItemGroup>
    <Filter Include="Quelldateien">
      <UniqueIdentifier>{4FC737F1-C7A5-4376-A066-2A32D752A2FF}</UniqueIdentifier>
      <Extensions>cpp;c;cc;cxx;def;odl;idl;hpj;bat;asm;asmx</Extensions>
    </Filter>
    <Filter Include="Headerdateien">
      <UniqueIdentifier>{93995380-89BD-4b04-88EB-625FBE52EBFB}</UniqueIdentifier>
      <Extensions>h;hh;hpp;hxx;hm;inl;inc;xsd</Extensions>
    </Filter>
    <Filter Include="Ressourcendateien">
      <UniqueIdentifier>{67DA6AB6-F800-4c08-8B7A-83BB121AAD01}</UniqueIdentifier>
      <Extensions>rc;ico;cur;bmp;dlg;rc2;rct;bin;rgs;gif;jpg;jpeg;jpe;resx;tiff;tif;png;wav;mfcribbon-ms</Extensions>
    </Filter>
  </ItemGroup>
  <ItemGroup>
    <ClInclude Include="DatumStaticConst.h">
      <Filter>Headerdateien</Filter>
    </ClInclude>
    <ClInclude Include="TestStatisch.h">
      <Filter>Headerdateien</Filter>
    </ClInclude>
    <ClInclude Include="ZaehlerStatisch.h">
      <Filter>Headerdateien</Filter>
    </ClInclude>
    <ClInclude Include="Aufg2.5_Struct.h">
      <Filter>Headerdateien</Filter>
    </ClInclude>
    <ClInclude Include="Aufg2.6_HEADER.h">
      <Filter>Headerdateien</Filter>
    </ClInclude>
    <ClInclude Include="aufg3.3_RuleOfThree.h">
      <Filter>Headerdateien</Filter>
    </ClInclude>
    <ClInclude Include="aufg5_Stack-Heap.h">
      <Filter>Headerdateien</Filter>
    </ClInclude>
    <ClInclude Include="Aufg6_Vererbung.h">
      <Filter>Headerdateien</Filter>
    </ClInclude>
    <ClInclude Include="Aufg8_vektor.h">
      <Filter>Headerdateien</Filter>
    </ClInclude>
    <ClInclude Include="Aufg8.1.h">
      <Filter>Headerdateien</Filter>
    </ClInclude>
  </ItemGroup>
  <ItemGroup>
    <ClCompile Include="DatumStaticConst.cpp">
      <Filter>Quelldateien</Filter>
    </ClCompile>
    <ClCompile Include="Basisblatt-main.cpp">
      <Filter>Quelldateien</Filter>
    </ClCompile>
    <ClCompile Include="TestStatisch.cpp">
      <Filter>Quelldateien</Filter>
    </ClCompile>
    <ClCompile Include="ZaehlerStatisch.cpp">
      <Filter>Quelldateien</Filter>
    </ClCompile>
    <ClCompile Include="Aufg2.5_Struct.cpp">
      <Filter>Quelldateien</Filter>
    </ClCompile>
    <ClCompile Include="aufg3.3_RuleOfThree.cpp">
      <Filter>Quelldateien</Filter>
    </ClCompile>
    <ClCompile Include="Aufg4.cpp">
      <Filter>Quelldateien</Filter>
    </ClCompile>
  </ItemGroup>
</Project>