<?xml version="1.0" encoding="utf-8"?>
<Project ToolsVersion="4.0" xmlns="http://schemas.microsoft.com/developer/msbuild/2003">
  <ItemGroup>
    <Filter Include="Quelldateien">
      <UniqueIdentifier>{4FC737F1-C7A5-4376-A066-2A32D752A2FF}</UniqueIdentifier>
      <Extensions>cpp;c;cc;cxx;def;odl;idl;hpj;bat;asm;asmx</Extensions>
    </Filter>
    <Filter Include="Headerdateien">
      <UniqueIdentifier>{93995380-89BD-4b04-88EB-625FBE52EBFB}</UniqueIdentifier>
      <Extensions>h;hh;hpp;hxx;hm;inl;inc;ipp;xsd</Extensions>
    </Filter>
    <Filter Include="Ressourcendateien">
      <UniqueIdentifier>{67DA6AB6-F800-4c08-8B7A-83BB121AAD01}</UniqueIdentifier>
      <Extensions>rc;ico;cur;bmp;dlg;rc2;rct;bin;rgs;gif;jpg;jpeg;jpe;resx;tiff;tif;png;wav;mfcribbon-ms</Extensions>
    </Filter>
  </ItemGroup>
  <ItemGroup>
    <ClCompile Include="..\..\..\..\..\Desktop\Oki sem 6 - SS20\D&amp;A - SS20\graph2 -blatt 9\Graph.cpp">
      <Filter>Quelldateien</Filter>
    </ClCompile>
    <ClCompile Include="..\..\..\..\..\Desktop\Oki sem 6 - SS20\D&amp;A - SS20\graph2 -blatt 9\Graph-Main.cpp">
      <Filter>Quelldateien</Filter>
    </ClCompile>
    <ClCompile Include="..\..\..\..\..\Desktop\Oki sem 6 - SS20\D&amp;A - SS20\graph2 -blatt 9\GraphReader.cpp">
      <Filter>Quelldateien</Filter>
    </ClCompile>
  </ItemGroup>
  <ItemGroup>
    <ClInclude Include="..\..\..\..\..\Desktop\Oki sem 6 - SS20\D&amp;A - SS20\graph2 -blatt 9\Graph.h">
      <Filter>Headerdateien</Filter>
    </ClInclude>
    <ClInclude Include="..\..\..\..\..\Desktop\Oki sem 6 - SS20\D&amp;A - SS20\graph2 -blatt 9\GraphReader.h">
      <Filter>Headerdateien</Filter>
    </ClInclude>
  </ItemGroup>
  <ItemGroup>
    <None Include="..\..\..\..\..\Desktop\Oki sem 6 - SS20\D&amp;A - SS20\graph2 -blatt 9\kanten.dat">
      <Filter>Ressourcendateien</Filter>
    </None>
    <None Include="..\..\..\..\..\Desktop\Oki sem 6 - SS20\D&amp;A - SS20\graph2 -blatt 9\knoten.dat">
      <Filter>Ressourcendateien</Filter>
    </None>
  </ItemGroup>
</Project>